// !$*UTF8*$!
{
	archiveVersion = 1;
	classes = {
	};
	objectVersion = 56;
	objects = {

/* Begin PBXBuildFile section */
		0C40FD7D2AAF341600F207DA /* ProfileModifyViewModel.swift in Sources */ = {isa = PBXBuildFile; fileRef = 0C40FD7C2AAF341600F207DA /* ProfileModifyViewModel.swift */; };
		0C40FD802AAF351B00F207DA /* WithdrawalViewController.swift in Sources */ = {isa = PBXBuildFile; fileRef = 0C40FD7F2AAF351B00F207DA /* WithdrawalViewController.swift */; };
		0C40FD822AAF40AE00F207DA /* WithdrawalReasonCheckBoxStackView.swift in Sources */ = {isa = PBXBuildFile; fileRef = 0C40FD812AAF40AE00F207DA /* WithdrawalReasonCheckBoxStackView.swift */; };
		0C40FD852AB03DF200F207DA /* UIButton+backgroundColor.swift in Sources */ = {isa = PBXBuildFile; fileRef = 0C40FD842AB03DF200F207DA /* UIButton+backgroundColor.swift */; };
		0C40FD8A2AB0554000F207DA /* PasswordModifyViewController.swift in Sources */ = {isa = PBXBuildFile; fileRef = 0C40FD892AB0554000F207DA /* PasswordModifyViewController.swift */; };
		0C40FD8C2AB08B5900F207DA /* WithdrawalViewModel.swift in Sources */ = {isa = PBXBuildFile; fileRef = 0C40FD8B2AB08B5900F207DA /* WithdrawalViewModel.swift */; };
		0C4EF98E2A7A2BF500539320 /* CoupleSpaceMainButtonView.swift in Sources */ = {isa = PBXBuildFile; fileRef = 0C4EF98D2A7A2BF500539320 /* CoupleSpaceMainButtonView.swift */; };
		0C4EF9902A7A430100539320 /* CoupleSpaceMainViewController.swift in Sources */ = {isa = PBXBuildFile; fileRef = 0C4EF98F2A7A430000539320 /* CoupleSpaceMainViewController.swift */; };
		0C4EF9942A7B7F3B00539320 /* CoupleSpacePickCollectionViewController.swift in Sources */ = {isa = PBXBuildFile; fileRef = 0C4EF9932A7B7F3B00539320 /* CoupleSpacePickCollectionViewController.swift */; };
		0C4EF9972A7B966F00539320 /* HeartHubImagePickerCell.swift in Sources */ = {isa = PBXBuildFile; fileRef = 0C4EF9962A7B966F00539320 /* HeartHubImagePickerCell.swift */; };
		0C4EF99C2A7BF63100539320 /* HeartPickDataSource.swift in Sources */ = {isa = PBXBuildFile; fileRef = 0C4EF99B2A7BF63100539320 /* HeartPickDataSource.swift */; };
		0C4EF99F2A7BF91500539320 /* CoupleSpacePickDataSourceable.swift in Sources */ = {isa = PBXBuildFile; fileRef = 0C4EF99E2A7BF91500539320 /* CoupleSpacePickDataSourceable.swift */; };
		0C4EF9A12A7BFB3700539320 /* MypickDataSource.swift in Sources */ = {isa = PBXBuildFile; fileRef = 0C4EF9A02A7BFB3700539320 /* MypickDataSource.swift */; };
		0C4EF9A42A7CE2EC00539320 /* HeartHubTabBarController.swift in Sources */ = {isa = PBXBuildFile; fileRef = 0C4EF9A32A7CE2EC00539320 /* HeartHubTabBarController.swift */; };
		0C4EF9A82A8233A100539320 /* CoupleSpaceAlbumCell.swift in Sources */ = {isa = PBXBuildFile; fileRef = 0C4EF9A72A8233A100539320 /* CoupleSpaceAlbumCell.swift */; };
		0C4EF9AB2A829E0B00539320 /* CoupleSpaceAlbumViewController.swift in Sources */ = {isa = PBXBuildFile; fileRef = 0C4EF9AA2A829E0B00539320 /* CoupleSpaceAlbumViewController.swift */; };
		0C59CF4D2A84D76D00D847B7 /* NetworkManager.swift in Sources */ = {isa = PBXBuildFile; fileRef = 0C59CF4C2A84D76D00D847B7 /* NetworkManager.swift */; };
		0C59CF502A84DB0400D847B7 /* RequestBuilderProtocol.swift in Sources */ = {isa = PBXBuildFile; fileRef = 0C59CF4F2A84DB0400D847B7 /* RequestBuilderProtocol.swift */; };
		0C59CF552A87C1AE00D847B7 /* UserRelatedRequestBuilderFactory.swift in Sources */ = {isa = PBXBuildFile; fileRef = 0C59CF542A87C1AE00D847B7 /* UserRelatedRequestBuilderFactory.swift */; };
		0C59CF572A87C79500D847B7 /* RequestBuilder.swift in Sources */ = {isa = PBXBuildFile; fileRef = 0C59CF562A87C79500D847B7 /* RequestBuilder.swift */; };
		0C59CF5E2A87D86D00D847B7 /* JoinRequestDTO.swift in Sources */ = {isa = PBXBuildFile; fileRef = 0C59CF5D2A87D86D00D847B7 /* JoinRequestDTO.swift */; };
		0C59CF602A87DB1200D847B7 /* SignInRequestDTO.swift in Sources */ = {isa = PBXBuildFile; fileRef = 0C59CF5F2A87DB1200D847B7 /* SignInRequestDTO.swift */; };
		0C59CF622A87E1FD00D847B7 /* SetMateRequestDTO.swift in Sources */ = {isa = PBXBuildFile; fileRef = 0C59CF612A87E1FD00D847B7 /* SetMateRequestDTO.swift */; };
		0C59CF662A87E64000D847B7 /* FindPasswordRequestDTO.swift in Sources */ = {isa = PBXBuildFile; fileRef = 0C59CF652A87E64000D847B7 /* FindPasswordRequestDTO.swift */; };
		0C59CF6A2A87EA9E00D847B7 /* KeychainManager.swift in Sources */ = {isa = PBXBuildFile; fileRef = 0C59CF692A87EA9E00D847B7 /* KeychainManager.swift */; };
		0C59CF6E2A89223500D847B7 /* TokenRepository.swift in Sources */ = {isa = PBXBuildFile; fileRef = 0C59CF6D2A89223500D847B7 /* TokenRepository.swift */; };
		0C59CF702A89236A00D847B7 /* Token.swift in Sources */ = {isa = PBXBuildFile; fileRef = 0C59CF6F2A89236A00D847B7 /* Token.swift */; };
		0C59CF732A8A107400D847B7 /* MultipartBodyRequestBuilder.swift in Sources */ = {isa = PBXBuildFile; fileRef = 0C59CF722A8A107400D847B7 /* MultipartBodyRequestBuilder.swift */; };
		0C63FF332A8DF0800020D137 /* SignUpManager.swift in Sources */ = {isa = PBXBuildFile; fileRef = 0C63FF322A8DF0800020D137 /* SignUpManager.swift */; };
		0C63FF352A8E0FD70020D137 /* NetworkError.swift in Sources */ = {isa = PBXBuildFile; fileRef = 0C63FF342A8E0FD70020D137 /* NetworkError.swift */; };
		0C63FF462A8E6A700020D137 /* CheckAvailabilityResponseDTO.swift in Sources */ = {isa = PBXBuildFile; fileRef = 0C63FF452A8E6A700020D137 /* CheckAvailabilityResponseDTO.swift */; };
		0C684F452A77D53200A31865 /* CoupleImageBetweenHeartView.swift in Sources */ = {isa = PBXBuildFile; fileRef = 0C684F442A77D53200A31865 /* CoupleImageBetweenHeartView.swift */; };
		0C684F482A78D4F300A31865 /* HeartHubPageViewController.swift in Sources */ = {isa = PBXBuildFile; fileRef = 0C684F472A78D4F300A31865 /* HeartHubPageViewController.swift */; };
		0C684F4C2A78FA4D00A31865 /* CoupleSpaceMainHeaderView.swift in Sources */ = {isa = PBXBuildFile; fileRef = 0C684F4B2A78FA4D00A31865 /* CoupleSpaceMainHeaderView.swift */; };
		0C6F454F2A701D520044EAC8 /* HeartHubProfileImageView.swift in Sources */ = {isa = PBXBuildFile; fileRef = 0C6F454E2A701D520044EAC8 /* HeartHubProfileImageView.swift */; };
		0C6F45532A7384B10044EAC8 /* UIWindow+.swift in Sources */ = {isa = PBXBuildFile; fileRef = 0C6F45522A7384B10044EAC8 /* UIWindow+.swift */; };
		0CA858B02A6F981D00DFCFD5 /* Reusable.swift in Sources */ = {isa = PBXBuildFile; fileRef = 0CA858AF2A6F981D00DFCFD5 /* Reusable.swift */; };
		0CADFF532AADE21F00253DA1 /* MyPageRequestBuilderFactory.swift in Sources */ = {isa = PBXBuildFile; fileRef = 0CADFF522AADE21F00253DA1 /* MyPageRequestBuilderFactory.swift */; };
		0CADFF582AADE7AE00253DA1 /* NicknameService.swift in Sources */ = {isa = PBXBuildFile; fileRef = 0CADFF572AADE7AE00253DA1 /* NicknameService.swift */; };
		0CADFF5A2AADEEC500253DA1 /* MyInformationService.swift in Sources */ = {isa = PBXBuildFile; fileRef = 0CADFF592AADEEC500253DA1 /* MyInformationService.swift */; };
		0CAFFF732AB19C2700422FC7 /* ChangePasswordRequestDTO.swift in Sources */ = {isa = PBXBuildFile; fileRef = 0CAFFF722AB19C2700422FC7 /* ChangePasswordRequestDTO.swift */; };
		0CAFFF752AB1A18A00422FC7 /* PasswordModifyViewModel.swift in Sources */ = {isa = PBXBuildFile; fileRef = 0CAFFF742AB1A18A00422FC7 /* PasswordModifyViewModel.swift */; };
		0CAFFF782AB2153700422FC7 /* AlertTransitionDelegate.swift in Sources */ = {isa = PBXBuildFile; fileRef = 0CAFFF772AB2153700422FC7 /* AlertTransitionDelegate.swift */; };
		0CAFFF7A2AB2F0A000422FC7 /* AlertPresentaionController.swift in Sources */ = {isa = PBXBuildFile; fileRef = 0CAFFF792AB2F0A000422FC7 /* AlertPresentaionController.swift */; };
		0CC33AC22A5281C1001EF4E7 /* AppDelegate.swift in Sources */ = {isa = PBXBuildFile; fileRef = 0CC33AC12A5281C1001EF4E7 /* AppDelegate.swift */; };
		0CC33AC42A5281C1001EF4E7 /* SceneDelegate.swift in Sources */ = {isa = PBXBuildFile; fileRef = 0CC33AC32A5281C1001EF4E7 /* SceneDelegate.swift */; };
		0CC33ACB2A5281C3001EF4E7 /* Assets.xcassets in Resources */ = {isa = PBXBuildFile; fileRef = 0CC33ACA2A5281C3001EF4E7 /* Assets.xcassets */; };
		0CC33ACE2A5281C3001EF4E7 /* LaunchScreen.storyboard in Resources */ = {isa = PBXBuildFile; fileRef = 0CC33ACC2A5281C3001EF4E7 /* LaunchScreen.storyboard */; };
		0CCF04D92A9CBF1E00D66F37 /* MyPageMainViewController.swift in Sources */ = {isa = PBXBuildFile; fileRef = 0CCF04D82A9CBF1E00D66F37 /* MyPageMainViewController.swift */; };
		0CE2CD6C2A8FD04F00129724 /* LoginService.swift in Sources */ = {isa = PBXBuildFile; fileRef = 0CE2CD6B2A8FD04F00129724 /* LoginService.swift */; };
		0CE2CD712A90817A00129724 /* FetchTokenResponseDTO.swift in Sources */ = {isa = PBXBuildFile; fileRef = 0CE2CD702A90817A00129724 /* FetchTokenResponseDTO.swift */; };
		0CE2CD8B2A91277000129724 /* BasicResponseDTO.swift in Sources */ = {isa = PBXBuildFile; fileRef = 0CE2CD8A2A91277000129724 /* BasicResponseDTO.swift */; };
		0CE2CD902A933DE200129724 /* MyInformationRepository.swift in Sources */ = {isa = PBXBuildFile; fileRef = 0CE2CD8F2A933DE200129724 /* MyInformationRepository.swift */; };
		0CE2CD952A9342E600129724 /* ImageProvider.swift in Sources */ = {isa = PBXBuildFile; fileRef = 0CE2CD942A9342E600129724 /* ImageProvider.swift */; };
		0CE2CD972A9343B000129724 /* ImageProviderError.swift in Sources */ = {isa = PBXBuildFile; fileRef = 0CE2CD962A9343B000129724 /* ImageProviderError.swift */; };
		0CE2CD992A93462100129724 /* UserInformation.swift in Sources */ = {isa = PBXBuildFile; fileRef = 0CE2CD982A93462100129724 /* UserInformation.swift */; };
		0CE2CD9B2A9347EB00129724 /* GetUserInformationResponseDTO.swift in Sources */ = {isa = PBXBuildFile; fileRef = 0CE2CD9A2A9347EB00129724 /* GetUserInformationResponseDTO.swift */; };
		0CE2CD9D2A93875100129724 /* GetMyInformationResponseDTO.swift in Sources */ = {isa = PBXBuildFile; fileRef = 0CE2CD9C2A93875100129724 /* GetMyInformationResponseDTO.swift */; };
		0CE2CDA72A93A93400129724 /* NewToken.swift in Sources */ = {isa = PBXBuildFile; fileRef = 0CE2CDA62A93A93400129724 /* NewToken.swift */; };
		0CE2CDA92A93A95F00129724 /* FetchReissueTokenResponseDTO.swift in Sources */ = {isa = PBXBuildFile; fileRef = 0CE2CDA82A93A95F00129724 /* FetchReissueTokenResponseDTO.swift */; };
		0CE2CDC62A94EC3C00129724 /* UserInformationService.swift in Sources */ = {isa = PBXBuildFile; fileRef = 0CE2CDC52A94EC3C00129724 /* UserInformationService.swift */; };
		0CE2CDCD2A94F8BF00129724 /* Cancellable.swift in Sources */ = {isa = PBXBuildFile; fileRef = 0CE2CDCC2A94F8BF00129724 /* Cancellable.swift */; };
		0CE2CDE02A9B716200129724 /* HeartHubFloatingButton.swift in Sources */ = {isa = PBXBuildFile; fileRef = 0CE2CDDF2A9B716100129724 /* HeartHubFloatingButton.swift */; };
		0CE2CDE22A9B71B600129724 /* HeartHubSegmentedControl.swift in Sources */ = {isa = PBXBuildFile; fileRef = 0CE2CDE12A9B71B600129724 /* HeartHubSegmentedControl.swift */; };
		0CEDD8A22AA4B57E00662A03 /* MyPageCell.swift in Sources */ = {isa = PBXBuildFile; fileRef = 0CEDD8A12AA4B57E00662A03 /* MyPageCell.swift */; };
		0CEDD8A62AA8928F00662A03 /* HeartHubImagePickerViewController.swift in Sources */ = {isa = PBXBuildFile; fileRef = 0CEDD8A52AA8928F00662A03 /* HeartHubImagePickerViewController.swift */; };
		0CF4C84B2AAB3F49004F805E /* ProfileModifyViewController.swift in Sources */ = {isa = PBXBuildFile; fileRef = 0CF4C84A2AAB3F49004F805E /* ProfileModifyViewController.swift */; };
		0CF4C8532AAC9A27004F805E /* NetworkDeserializable.swift in Sources */ = {isa = PBXBuildFile; fileRef = 0CF4C8522AAC9A27004F805E /* NetworkDeserializable.swift */; };
		0CF4C8552AAC9A6B004F805E /* JSONDeserializer.swift in Sources */ = {isa = PBXBuildFile; fileRef = 0CF4C8542AAC9A6B004F805E /* JSONDeserializer.swift */; };
		0CF4C8612AACAF63004F805E /* GetDatingDataResponseDTO.swift in Sources */ = {isa = PBXBuildFile; fileRef = 0CF4C8602AACAF63004F805E /* GetDatingDataResponseDTO.swift */; };
		0CF4C8632AACB0C1004F805E /* CheckMateExistResponseDTO.swift in Sources */ = {isa = PBXBuildFile; fileRef = 0CF4C8622AACB0C1004F805E /* CheckMateExistResponseDTO.swift */; };
		0CF4C8652AADA903004F805E /* JSONBodyRequestBuilder.swift in Sources */ = {isa = PBXBuildFile; fileRef = 0CF4C8642AADA903004F805E /* JSONBodyRequestBuilder.swift */; };
		561462192A6EE50300C0AC1F /* FindIdViewController.swift in Sources */ = {isa = PBXBuildFile; fileRef = 561462182A6EE50300C0AC1F /* FindIdViewController.swift */; };
		5626B2D12A57EEB300477EBC /* LoginViewController.swift in Sources */ = {isa = PBXBuildFile; fileRef = 5626B2D02A57EEB300477EBC /* LoginViewController.swift */; };
		5626B3372A584A3D00477EBC /* SignUpStartDateViewController.swift in Sources */ = {isa = PBXBuildFile; fileRef = 5626B3362A584A3D00477EBC /* SignUpStartDateViewController.swift */; };
		5626B3452A597FA200477EBC /* SignUpProfileViewController.swift in Sources */ = {isa = PBXBuildFile; fileRef = 5626B3442A597FA200477EBC /* SignUpProfileViewController.swift */; };
		5626B34B2A59938700477EBC /* SignUpEnterNickNameEmailViewController.swift in Sources */ = {isa = PBXBuildFile; fileRef = 5626B34A2A59938700477EBC /* SignUpEnterNickNameEmailViewController.swift */; };
		5626B34D2A5993A700477EBC /* SignUpTermAgreeViewController.swift in Sources */ = {isa = PBXBuildFile; fileRef = 5626B34C2A5993A700477EBC /* SignUpTermAgreeViewController.swift */; };
		562ABF502A920703006FA182 /* AlertButton.swift in Sources */ = {isa = PBXBuildFile; fileRef = 562ABF4F2A920703006FA182 /* AlertButton.swift */; };
		56348A632A631283005BB635 /* FindIdView.swift in Sources */ = {isa = PBXBuildFile; fileRef = 56348A622A631283005BB635 /* FindIdView.swift */; };
		56348A672A6318B0005BB635 /* FindIdPopUpView.swift in Sources */ = {isa = PBXBuildFile; fileRef = 56348A662A6318B0005BB635 /* FindIdPopUpView.swift */; };
		56348A692A6319EA005BB635 /* FindIdPopUpViewController.swift in Sources */ = {isa = PBXBuildFile; fileRef = 56348A682A6319EA005BB635 /* FindIdPopUpViewController.swift */; };
		56348A8F2A6E7ECC005BB635 /* FindPwView.swift in Sources */ = {isa = PBXBuildFile; fileRef = 56348A8E2A6E7ECC005BB635 /* FindPwView.swift */; };
		56348A912A6E8286005BB635 /* FindPwViewController.swift in Sources */ = {isa = PBXBuildFile; fileRef = 56348A902A6E8286005BB635 /* FindPwViewController.swift */; };
		56348A932A6E841E005BB635 /* FindPwPopUpView.swift in Sources */ = {isa = PBXBuildFile; fileRef = 56348A922A6E841E005BB635 /* FindPwPopUpView.swift */; };
		56348A952A6E87BF005BB635 /* FindPwPopUpViewController.swift in Sources */ = {isa = PBXBuildFile; fileRef = 56348A942A6E87BF005BB635 /* FindPwPopUpViewController.swift */; };
		5642627F2A95C25E007FEE69 /* EmailVerificationResponseDTO.swift in Sources */ = {isa = PBXBuildFile; fileRef = 5642627E2A95C25E007FEE69 /* EmailVerificationResponseDTO.swift */; };
		5651FC7A2A7A7C6A00965300 /* GameBackgroundView.swift in Sources */ = {isa = PBXBuildFile; fileRef = 5651FC792A7A7C6A00965300 /* GameBackgroundView.swift */; };
		5651FC7C2A7A7FB800965300 /* GameViewController.swift in Sources */ = {isa = PBXBuildFile; fileRef = 5651FC7B2A7A7FB800965300 /* GameViewController.swift */; };
		565473CB2A8639D2002F526C /* LoginSelectPageButtonStackView.swift in Sources */ = {isa = PBXBuildFile; fileRef = 565473CA2A8639D2002F526C /* LoginSelectPageButtonStackView.swift */; };
		569013552A7BB32600715D23 /* GameMissionDataManager.swift in Sources */ = {isa = PBXBuildFile; fileRef = 569013542A7BB32600715D23 /* GameMissionDataManager.swift */; };
		5690135D2A7BD75C00715D23 /* DungGeunMo.otf in Resources */ = {isa = PBXBuildFile; fileRef = 5690135C2A7BD75C00715D23 /* DungGeunMo.otf */; };
		5690135F2A7E62A200715D23 /* GamePageViewController.swift in Sources */ = {isa = PBXBuildFile; fileRef = 5690135E2A7E62A200715D23 /* GamePageViewController.swift */; };
		569013612A7E635200715D23 /* GameSegmentControll.swift in Sources */ = {isa = PBXBuildFile; fileRef = 569013602A7E635200715D23 /* GameSegmentControll.swift */; };
		569013652A7E6CFD00715D23 /* GameMissionViewController.swift in Sources */ = {isa = PBXBuildFile; fileRef = 569013642A7E6CFD00715D23 /* GameMissionViewController.swift */; };
		569013672A7E6D0700715D23 /* GameClearViewController.swift in Sources */ = {isa = PBXBuildFile; fileRef = 569013662A7E6D0700715D23 /* GameClearViewController.swift */; };
		5690136B2A7E6FA400715D23 /* GameClearMissionDataManager.swift in Sources */ = {isa = PBXBuildFile; fileRef = 5690136A2A7E6FA400715D23 /* GameClearMissionDataManager.swift */; };
		5690136D2A7FA60800715D23 /* GameClearTableViewCell.swift in Sources */ = {isa = PBXBuildFile; fileRef = 5690136C2A7FA60800715D23 /* GameClearTableViewCell.swift */; };
		5690136F2A7FCC7700715D23 /* LoginBackGroundView.swift in Sources */ = {isa = PBXBuildFile; fileRef = 5690136E2A7FCC7700715D23 /* LoginBackGroundView.swift */; };
		569013712A80004700715D23 /* LoginTextField.swift in Sources */ = {isa = PBXBuildFile; fileRef = 569013702A80004700715D23 /* LoginTextField.swift */; };
		569013732A80167700715D23 /* SignUpBackgroundView.swift in Sources */ = {isa = PBXBuildFile; fileRef = 569013722A80167700715D23 /* SignUpBackgroundView.swift */; };
		569013752A80D7FD00715D23 /* SignUpChangePageButton.swift in Sources */ = {isa = PBXBuildFile; fileRef = 569013742A80D7FD00715D23 /* SignUpChangePageButton.swift */; };
		569013792A80E26500715D23 /* SignUpDateTextField.swift in Sources */ = {isa = PBXBuildFile; fileRef = 569013782A80E26400715D23 /* SignUpDateTextField.swift */; };
		5690137D2A80EEA200715D23 /* HeartHubUserInfoInputTextField.swift in Sources */ = {isa = PBXBuildFile; fileRef = 5690137C2A80EEA200715D23 /* HeartHubUserInfoInputTextField.swift */; };
		569E4EDB2A5C241B00B51898 /* LoginView.swift in Sources */ = {isa = PBXBuildFile; fileRef = 569E4EDA2A5C241B00B51898 /* LoginView.swift */; };
		569E4EE42A5CE18E00B51898 /* SignUpStartDateView.swift in Sources */ = {isa = PBXBuildFile; fileRef = 569E4EE32A5CE18E00B51898 /* SignUpStartDateView.swift */; };
		569E4EE62A5D06C400B51898 /* SignUpProfileView.swift in Sources */ = {isa = PBXBuildFile; fileRef = 569E4EE52A5D06C400B51898 /* SignUpProfileView.swift */; };
		569E4EEB2A5D40E800B51898 /* SignUpEnterNickNameEmailView.swift in Sources */ = {isa = PBXBuildFile; fileRef = 569E4EEA2A5D40E800B51898 /* SignUpEnterNickNameEmailView.swift */; };
		569E4EED2A5D499900B51898 /* SignUpTermAgreeView.swift in Sources */ = {isa = PBXBuildFile; fileRef = 569E4EEC2A5D499900B51898 /* SignUpTermAgreeView.swift */; };
		569E4EFE2A5FC58200B51898 /* Pretendard-Regular.otf in Resources */ = {isa = PBXBuildFile; fileRef = 569E4EFC2A5FC58200B51898 /* Pretendard-Regular.otf */; };
		569E4EFF2A5FC58200B51898 /* Pretendard-SemiBold.otf in Resources */ = {isa = PBXBuildFile; fileRef = 569E4EFD2A5FC58200B51898 /* Pretendard-SemiBold.otf */; };
		56C048772A8A02D7001BAAB5 /* DDayCalculator.swift in Sources */ = {isa = PBXBuildFile; fileRef = 56C048762A8A02D7001BAAB5 /* DDayCalculator.swift */; };
		56C0487C2A8A2CBA001BAAB5 /* SignUpPrivacyTermScrollView.swift in Sources */ = {isa = PBXBuildFile; fileRef = 56C0487B2A8A2CBA001BAAB5 /* SignUpPrivacyTermScrollView.swift */; };
		56C0487E2A8A309C001BAAB5 /* SignUpPrivacyTermViewController.swift in Sources */ = {isa = PBXBuildFile; fileRef = 56C0487D2A8A309C001BAAB5 /* SignUpPrivacyTermViewController.swift */; };
		56C048802A8A4D83001BAAB5 /* SignUpTermOfUseScrollView.swift in Sources */ = {isa = PBXBuildFile; fileRef = 56C0487F2A8A4D83001BAAB5 /* SignUpTermOfUseScrollView.swift */; };
		56C048822A8A501B001BAAB5 /* SignUpTermOfUseViewController.swift in Sources */ = {isa = PBXBuildFile; fileRef = 56C048812A8A501B001BAAB5 /* SignUpTermOfUseViewController.swift */; };
		56C048842A8A7663001BAAB5 /* SignUpDatePicker.swift in Sources */ = {isa = PBXBuildFile; fileRef = 56C048832A8A7663001BAAB5 /* SignUpDatePicker.swift */; };
		56C048892A8A91BE001BAAB5 /* ConnectViewController.swift in Sources */ = {isa = PBXBuildFile; fileRef = 56C048882A8A91BE001BAAB5 /* ConnectViewController.swift */; };
		56C0488B2A8A91DE001BAAB5 /* ConnectView.swift in Sources */ = {isa = PBXBuildFile; fileRef = 56C0488A2A8A91DE001BAAB5 /* ConnectView.swift */; };
		56C0488D2A8A9C5B001BAAB5 /* ConnectCheckPopUpView.swift in Sources */ = {isa = PBXBuildFile; fileRef = 56C0488C2A8A9C5B001BAAB5 /* ConnectCheckPopUpView.swift */; };
		56C0488F2A8AA03A001BAAB5 /* ConnectCheckPopUpViewController.swift in Sources */ = {isa = PBXBuildFile; fileRef = 56C0488E2A8AA03A001BAAB5 /* ConnectCheckPopUpViewController.swift */; };
		56C048912A8ABB99001BAAB5 /* ConnectCompletePopUpView.swift in Sources */ = {isa = PBXBuildFile; fileRef = 56C048902A8ABB99001BAAB5 /* ConnectCompletePopUpView.swift */; };
		56C048932A8ABC88001BAAB5 /* ConnectCompletePopUpViewController.swift in Sources */ = {isa = PBXBuildFile; fileRef = 56C048922A8ABC88001BAAB5 /* ConnectCompletePopUpViewController.swift */; };
		56D4E6172A814049005215D1 /* SignUpTermTableViewCell.swift in Sources */ = {isa = PBXBuildFile; fileRef = 56D4E6162A814049005215D1 /* SignUpTermTableViewCell.swift */; };
		56DEBEDA2A7A9B24000BC687 /* GameMissionTableViewCell.swift in Sources */ = {isa = PBXBuildFile; fileRef = 56DEBED92A7A9B24000BC687 /* GameMissionTableViewCell.swift */; };
/* End PBXBuildFile section */

/* Begin PBXFileReference section */
		0C40FD7C2AAF341600F207DA /* ProfileModifyViewModel.swift */ = {isa = PBXFileReference; lastKnownFileType = sourcecode.swift; path = ProfileModifyViewModel.swift; sourceTree = "<group>"; };
		0C40FD7F2AAF351B00F207DA /* WithdrawalViewController.swift */ = {isa = PBXFileReference; lastKnownFileType = sourcecode.swift; path = WithdrawalViewController.swift; sourceTree = "<group>"; };
		0C40FD812AAF40AE00F207DA /* WithdrawalReasonCheckBoxStackView.swift */ = {isa = PBXFileReference; lastKnownFileType = sourcecode.swift; path = WithdrawalReasonCheckBoxStackView.swift; sourceTree = "<group>"; };
		0C40FD842AB03DF200F207DA /* UIButton+backgroundColor.swift */ = {isa = PBXFileReference; lastKnownFileType = sourcecode.swift; path = "UIButton+backgroundColor.swift"; sourceTree = "<group>"; };
		0C40FD892AB0554000F207DA /* PasswordModifyViewController.swift */ = {isa = PBXFileReference; lastKnownFileType = sourcecode.swift; path = PasswordModifyViewController.swift; sourceTree = "<group>"; };
		0C40FD8B2AB08B5900F207DA /* WithdrawalViewModel.swift */ = {isa = PBXFileReference; lastKnownFileType = sourcecode.swift; path = WithdrawalViewModel.swift; sourceTree = "<group>"; };
		0C4EF98D2A7A2BF500539320 /* CoupleSpaceMainButtonView.swift */ = {isa = PBXFileReference; lastKnownFileType = sourcecode.swift; path = CoupleSpaceMainButtonView.swift; sourceTree = "<group>"; };
		0C4EF98F2A7A430000539320 /* CoupleSpaceMainViewController.swift */ = {isa = PBXFileReference; lastKnownFileType = sourcecode.swift; path = CoupleSpaceMainViewController.swift; sourceTree = "<group>"; };
		0C4EF9932A7B7F3B00539320 /* CoupleSpacePickCollectionViewController.swift */ = {isa = PBXFileReference; lastKnownFileType = sourcecode.swift; path = CoupleSpacePickCollectionViewController.swift; sourceTree = "<group>"; };
		0C4EF9962A7B966F00539320 /* HeartHubImagePickerCell.swift */ = {isa = PBXFileReference; lastKnownFileType = sourcecode.swift; path = HeartHubImagePickerCell.swift; sourceTree = "<group>"; };
		0C4EF99B2A7BF63100539320 /* HeartPickDataSource.swift */ = {isa = PBXFileReference; lastKnownFileType = sourcecode.swift; path = HeartPickDataSource.swift; sourceTree = "<group>"; };
		0C4EF99E2A7BF91500539320 /* CoupleSpacePickDataSourceable.swift */ = {isa = PBXFileReference; lastKnownFileType = sourcecode.swift; path = CoupleSpacePickDataSourceable.swift; sourceTree = "<group>"; };
		0C4EF9A02A7BFB3700539320 /* MypickDataSource.swift */ = {isa = PBXFileReference; lastKnownFileType = sourcecode.swift; path = MypickDataSource.swift; sourceTree = "<group>"; };
		0C4EF9A32A7CE2EC00539320 /* HeartHubTabBarController.swift */ = {isa = PBXFileReference; lastKnownFileType = sourcecode.swift; path = HeartHubTabBarController.swift; sourceTree = "<group>"; };
		0C4EF9A72A8233A100539320 /* CoupleSpaceAlbumCell.swift */ = {isa = PBXFileReference; lastKnownFileType = sourcecode.swift; path = CoupleSpaceAlbumCell.swift; sourceTree = "<group>"; };
		0C4EF9AA2A829E0B00539320 /* CoupleSpaceAlbumViewController.swift */ = {isa = PBXFileReference; lastKnownFileType = sourcecode.swift; path = CoupleSpaceAlbumViewController.swift; sourceTree = "<group>"; };
		0C59CF4C2A84D76D00D847B7 /* NetworkManager.swift */ = {isa = PBXFileReference; lastKnownFileType = sourcecode.swift; path = NetworkManager.swift; sourceTree = "<group>"; };
		0C59CF4F2A84DB0400D847B7 /* RequestBuilderProtocol.swift */ = {isa = PBXFileReference; lastKnownFileType = sourcecode.swift; path = RequestBuilderProtocol.swift; sourceTree = "<group>"; };
		0C59CF542A87C1AE00D847B7 /* UserRelatedRequestBuilderFactory.swift */ = {isa = PBXFileReference; lastKnownFileType = sourcecode.swift; path = UserRelatedRequestBuilderFactory.swift; sourceTree = "<group>"; };
		0C59CF562A87C79500D847B7 /* RequestBuilder.swift */ = {isa = PBXFileReference; lastKnownFileType = sourcecode.swift; path = RequestBuilder.swift; sourceTree = "<group>"; };
		0C59CF5D2A87D86D00D847B7 /* JoinRequestDTO.swift */ = {isa = PBXFileReference; lastKnownFileType = sourcecode.swift; path = JoinRequestDTO.swift; sourceTree = "<group>"; };
		0C59CF5F2A87DB1200D847B7 /* SignInRequestDTO.swift */ = {isa = PBXFileReference; lastKnownFileType = sourcecode.swift; path = SignInRequestDTO.swift; sourceTree = "<group>"; };
		0C59CF612A87E1FD00D847B7 /* SetMateRequestDTO.swift */ = {isa = PBXFileReference; lastKnownFileType = sourcecode.swift; path = SetMateRequestDTO.swift; sourceTree = "<group>"; };
		0C59CF652A87E64000D847B7 /* FindPasswordRequestDTO.swift */ = {isa = PBXFileReference; lastKnownFileType = sourcecode.swift; path = FindPasswordRequestDTO.swift; sourceTree = "<group>"; };
		0C59CF692A87EA9E00D847B7 /* KeychainManager.swift */ = {isa = PBXFileReference; lastKnownFileType = sourcecode.swift; path = KeychainManager.swift; sourceTree = "<group>"; };
		0C59CF6D2A89223500D847B7 /* TokenRepository.swift */ = {isa = PBXFileReference; lastKnownFileType = sourcecode.swift; path = TokenRepository.swift; sourceTree = "<group>"; };
		0C59CF6F2A89236A00D847B7 /* Token.swift */ = {isa = PBXFileReference; lastKnownFileType = sourcecode.swift; path = Token.swift; sourceTree = "<group>"; };
		0C59CF722A8A107400D847B7 /* MultipartBodyRequestBuilder.swift */ = {isa = PBXFileReference; lastKnownFileType = sourcecode.swift; path = MultipartBodyRequestBuilder.swift; sourceTree = "<group>"; };
		0C63FF322A8DF0800020D137 /* SignUpManager.swift */ = {isa = PBXFileReference; lastKnownFileType = sourcecode.swift; path = SignUpManager.swift; sourceTree = "<group>"; };
		0C63FF342A8E0FD70020D137 /* NetworkError.swift */ = {isa = PBXFileReference; lastKnownFileType = sourcecode.swift; path = NetworkError.swift; sourceTree = "<group>"; };
		0C63FF452A8E6A700020D137 /* CheckAvailabilityResponseDTO.swift */ = {isa = PBXFileReference; lastKnownFileType = sourcecode.swift; path = CheckAvailabilityResponseDTO.swift; sourceTree = "<group>"; };
		0C684F442A77D53200A31865 /* CoupleImageBetweenHeartView.swift */ = {isa = PBXFileReference; lastKnownFileType = sourcecode.swift; path = CoupleImageBetweenHeartView.swift; sourceTree = "<group>"; };
		0C684F472A78D4F300A31865 /* HeartHubPageViewController.swift */ = {isa = PBXFileReference; lastKnownFileType = sourcecode.swift; path = HeartHubPageViewController.swift; sourceTree = "<group>"; };
		0C684F4B2A78FA4D00A31865 /* CoupleSpaceMainHeaderView.swift */ = {isa = PBXFileReference; lastKnownFileType = sourcecode.swift; path = CoupleSpaceMainHeaderView.swift; sourceTree = "<group>"; };
		0C6F454E2A701D520044EAC8 /* HeartHubProfileImageView.swift */ = {isa = PBXFileReference; lastKnownFileType = sourcecode.swift; path = HeartHubProfileImageView.swift; sourceTree = "<group>"; };
		0C6F45522A7384B10044EAC8 /* UIWindow+.swift */ = {isa = PBXFileReference; lastKnownFileType = sourcecode.swift; path = "UIWindow+.swift"; sourceTree = "<group>"; };
		0CA858AF2A6F981D00DFCFD5 /* Reusable.swift */ = {isa = PBXFileReference; lastKnownFileType = sourcecode.swift; path = Reusable.swift; sourceTree = "<group>"; };
		0CADFF522AADE21F00253DA1 /* MyPageRequestBuilderFactory.swift */ = {isa = PBXFileReference; lastKnownFileType = sourcecode.swift; path = MyPageRequestBuilderFactory.swift; sourceTree = "<group>"; };
		0CADFF572AADE7AE00253DA1 /* NicknameService.swift */ = {isa = PBXFileReference; lastKnownFileType = sourcecode.swift; path = NicknameService.swift; sourceTree = "<group>"; };
		0CADFF592AADEEC500253DA1 /* MyInformationService.swift */ = {isa = PBXFileReference; lastKnownFileType = sourcecode.swift; path = MyInformationService.swift; sourceTree = "<group>"; };
		0CAFFF722AB19C2700422FC7 /* ChangePasswordRequestDTO.swift */ = {isa = PBXFileReference; lastKnownFileType = sourcecode.swift; path = ChangePasswordRequestDTO.swift; sourceTree = "<group>"; };
		0CAFFF742AB1A18A00422FC7 /* PasswordModifyViewModel.swift */ = {isa = PBXFileReference; lastKnownFileType = sourcecode.swift; path = PasswordModifyViewModel.swift; sourceTree = "<group>"; };
		0CAFFF772AB2153700422FC7 /* AlertTransitionDelegate.swift */ = {isa = PBXFileReference; lastKnownFileType = sourcecode.swift; path = AlertTransitionDelegate.swift; sourceTree = "<group>"; };
		0CAFFF792AB2F0A000422FC7 /* AlertPresentaionController.swift */ = {isa = PBXFileReference; lastKnownFileType = sourcecode.swift; path = AlertPresentaionController.swift; sourceTree = "<group>"; };
		0CC33ABE2A5281C1001EF4E7 /* HeartHub.app */ = {isa = PBXFileReference; explicitFileType = wrapper.application; includeInIndex = 0; path = HeartHub.app; sourceTree = BUILT_PRODUCTS_DIR; };
		0CC33AC12A5281C1001EF4E7 /* AppDelegate.swift */ = {isa = PBXFileReference; lastKnownFileType = sourcecode.swift; path = AppDelegate.swift; sourceTree = "<group>"; };
		0CC33AC32A5281C1001EF4E7 /* SceneDelegate.swift */ = {isa = PBXFileReference; lastKnownFileType = sourcecode.swift; path = SceneDelegate.swift; sourceTree = "<group>"; };
		0CC33ACA2A5281C3001EF4E7 /* Assets.xcassets */ = {isa = PBXFileReference; lastKnownFileType = folder.assetcatalog; path = Assets.xcassets; sourceTree = "<group>"; };
		0CC33ACD2A5281C3001EF4E7 /* Base */ = {isa = PBXFileReference; lastKnownFileType = file.storyboard; name = Base; path = Base.lproj/LaunchScreen.storyboard; sourceTree = "<group>"; };
		0CC33ACF2A5281C3001EF4E7 /* Info.plist */ = {isa = PBXFileReference; lastKnownFileType = text.plist.xml; path = Info.plist; sourceTree = "<group>"; };
		0CCF04D82A9CBF1E00D66F37 /* MyPageMainViewController.swift */ = {isa = PBXFileReference; lastKnownFileType = sourcecode.swift; path = MyPageMainViewController.swift; sourceTree = "<group>"; };
		0CE2CD6B2A8FD04F00129724 /* LoginService.swift */ = {isa = PBXFileReference; lastKnownFileType = sourcecode.swift; path = LoginService.swift; sourceTree = "<group>"; };
		0CE2CD702A90817A00129724 /* FetchTokenResponseDTO.swift */ = {isa = PBXFileReference; lastKnownFileType = sourcecode.swift; path = FetchTokenResponseDTO.swift; sourceTree = "<group>"; };
		0CE2CD8A2A91277000129724 /* BasicResponseDTO.swift */ = {isa = PBXFileReference; lastKnownFileType = sourcecode.swift; path = BasicResponseDTO.swift; sourceTree = "<group>"; };
		0CE2CD8F2A933DE200129724 /* MyInformationRepository.swift */ = {isa = PBXFileReference; lastKnownFileType = sourcecode.swift; path = MyInformationRepository.swift; sourceTree = "<group>"; };
		0CE2CD942A9342E600129724 /* ImageProvider.swift */ = {isa = PBXFileReference; lastKnownFileType = sourcecode.swift; path = ImageProvider.swift; sourceTree = "<group>"; };
		0CE2CD962A9343B000129724 /* ImageProviderError.swift */ = {isa = PBXFileReference; lastKnownFileType = sourcecode.swift; path = ImageProviderError.swift; sourceTree = "<group>"; };
		0CE2CD982A93462100129724 /* UserInformation.swift */ = {isa = PBXFileReference; lastKnownFileType = sourcecode.swift; path = UserInformation.swift; sourceTree = "<group>"; };
		0CE2CD9A2A9347EB00129724 /* GetUserInformationResponseDTO.swift */ = {isa = PBXFileReference; lastKnownFileType = sourcecode.swift; path = GetUserInformationResponseDTO.swift; sourceTree = "<group>"; };
		0CE2CD9C2A93875100129724 /* GetMyInformationResponseDTO.swift */ = {isa = PBXFileReference; lastKnownFileType = sourcecode.swift; path = GetMyInformationResponseDTO.swift; sourceTree = "<group>"; };
		0CE2CDA62A93A93400129724 /* NewToken.swift */ = {isa = PBXFileReference; lastKnownFileType = sourcecode.swift; path = NewToken.swift; sourceTree = "<group>"; };
		0CE2CDA82A93A95F00129724 /* FetchReissueTokenResponseDTO.swift */ = {isa = PBXFileReference; lastKnownFileType = sourcecode.swift; path = FetchReissueTokenResponseDTO.swift; sourceTree = "<group>"; };
		0CE2CDC52A94EC3C00129724 /* UserInformationService.swift */ = {isa = PBXFileReference; lastKnownFileType = sourcecode.swift; path = UserInformationService.swift; sourceTree = "<group>"; };
		0CE2CDCC2A94F8BF00129724 /* Cancellable.swift */ = {isa = PBXFileReference; lastKnownFileType = sourcecode.swift; path = Cancellable.swift; sourceTree = "<group>"; };
		0CE2CDDF2A9B716100129724 /* HeartHubFloatingButton.swift */ = {isa = PBXFileReference; fileEncoding = 4; lastKnownFileType = sourcecode.swift; path = HeartHubFloatingButton.swift; sourceTree = "<group>"; };
		0CE2CDE12A9B71B600129724 /* HeartHubSegmentedControl.swift */ = {isa = PBXFileReference; fileEncoding = 4; lastKnownFileType = sourcecode.swift; path = HeartHubSegmentedControl.swift; sourceTree = "<group>"; };
		0CEDD8A12AA4B57E00662A03 /* MyPageCell.swift */ = {isa = PBXFileReference; lastKnownFileType = sourcecode.swift; path = MyPageCell.swift; sourceTree = "<group>"; };
		0CEDD8A52AA8928F00662A03 /* HeartHubImagePickerViewController.swift */ = {isa = PBXFileReference; lastKnownFileType = sourcecode.swift; path = HeartHubImagePickerViewController.swift; sourceTree = "<group>"; };
		0CF4C84A2AAB3F49004F805E /* ProfileModifyViewController.swift */ = {isa = PBXFileReference; lastKnownFileType = sourcecode.swift; path = ProfileModifyViewController.swift; sourceTree = "<group>"; };
		0CF4C8522AAC9A27004F805E /* NetworkDeserializable.swift */ = {isa = PBXFileReference; lastKnownFileType = sourcecode.swift; path = NetworkDeserializable.swift; sourceTree = "<group>"; };
		0CF4C8542AAC9A6B004F805E /* JSONDeserializer.swift */ = {isa = PBXFileReference; lastKnownFileType = sourcecode.swift; path = JSONDeserializer.swift; sourceTree = "<group>"; };
		0CF4C8602AACAF63004F805E /* GetDatingDataResponseDTO.swift */ = {isa = PBXFileReference; lastKnownFileType = sourcecode.swift; path = GetDatingDataResponseDTO.swift; sourceTree = "<group>"; };
		0CF4C8622AACB0C1004F805E /* CheckMateExistResponseDTO.swift */ = {isa = PBXFileReference; lastKnownFileType = sourcecode.swift; path = CheckMateExistResponseDTO.swift; sourceTree = "<group>"; };
		0CF4C8642AADA903004F805E /* JSONBodyRequestBuilder.swift */ = {isa = PBXFileReference; lastKnownFileType = sourcecode.swift; path = JSONBodyRequestBuilder.swift; sourceTree = "<group>"; };
		561462182A6EE50300C0AC1F /* FindIdViewController.swift */ = {isa = PBXFileReference; fileEncoding = 4; lastKnownFileType = sourcecode.swift; path = FindIdViewController.swift; sourceTree = "<group>"; };
		5626B2D02A57EEB300477EBC /* LoginViewController.swift */ = {isa = PBXFileReference; lastKnownFileType = sourcecode.swift; path = LoginViewController.swift; sourceTree = "<group>"; };
		5626B3362A584A3D00477EBC /* SignUpStartDateViewController.swift */ = {isa = PBXFileReference; lastKnownFileType = sourcecode.swift; path = SignUpStartDateViewController.swift; sourceTree = "<group>"; };
		5626B3442A597FA200477EBC /* SignUpProfileViewController.swift */ = {isa = PBXFileReference; lastKnownFileType = sourcecode.swift; path = SignUpProfileViewController.swift; sourceTree = "<group>"; };
		5626B34A2A59938700477EBC /* SignUpEnterNickNameEmailViewController.swift */ = {isa = PBXFileReference; lastKnownFileType = sourcecode.swift; path = SignUpEnterNickNameEmailViewController.swift; sourceTree = "<group>"; };
		5626B34C2A5993A700477EBC /* SignUpTermAgreeViewController.swift */ = {isa = PBXFileReference; lastKnownFileType = sourcecode.swift; path = SignUpTermAgreeViewController.swift; sourceTree = "<group>"; };
		562ABF4F2A920703006FA182 /* AlertButton.swift */ = {isa = PBXFileReference; lastKnownFileType = sourcecode.swift; path = AlertButton.swift; sourceTree = "<group>"; };
		56348A622A631283005BB635 /* FindIdView.swift */ = {isa = PBXFileReference; lastKnownFileType = sourcecode.swift; path = FindIdView.swift; sourceTree = "<group>"; };
		56348A662A6318B0005BB635 /* FindIdPopUpView.swift */ = {isa = PBXFileReference; lastKnownFileType = sourcecode.swift; path = FindIdPopUpView.swift; sourceTree = "<group>"; };
		56348A682A6319EA005BB635 /* FindIdPopUpViewController.swift */ = {isa = PBXFileReference; lastKnownFileType = sourcecode.swift; path = FindIdPopUpViewController.swift; sourceTree = "<group>"; };
		56348A8E2A6E7ECC005BB635 /* FindPwView.swift */ = {isa = PBXFileReference; lastKnownFileType = sourcecode.swift; path = FindPwView.swift; sourceTree = "<group>"; };
		56348A902A6E8286005BB635 /* FindPwViewController.swift */ = {isa = PBXFileReference; lastKnownFileType = sourcecode.swift; path = FindPwViewController.swift; sourceTree = "<group>"; };
		56348A922A6E841E005BB635 /* FindPwPopUpView.swift */ = {isa = PBXFileReference; lastKnownFileType = sourcecode.swift; path = FindPwPopUpView.swift; sourceTree = "<group>"; };
		56348A942A6E87BF005BB635 /* FindPwPopUpViewController.swift */ = {isa = PBXFileReference; lastKnownFileType = sourcecode.swift; path = FindPwPopUpViewController.swift; sourceTree = "<group>"; };
		5642627E2A95C25E007FEE69 /* EmailVerificationResponseDTO.swift */ = {isa = PBXFileReference; fileEncoding = 4; lastKnownFileType = sourcecode.swift; path = EmailVerificationResponseDTO.swift; sourceTree = "<group>"; };
		5651FC792A7A7C6A00965300 /* GameBackgroundView.swift */ = {isa = PBXFileReference; lastKnownFileType = sourcecode.swift; path = GameBackgroundView.swift; sourceTree = "<group>"; };
		5651FC7B2A7A7FB800965300 /* GameViewController.swift */ = {isa = PBXFileReference; lastKnownFileType = sourcecode.swift; path = GameViewController.swift; sourceTree = "<group>"; };
		565473CA2A8639D2002F526C /* LoginSelectPageButtonStackView.swift */ = {isa = PBXFileReference; lastKnownFileType = sourcecode.swift; path = LoginSelectPageButtonStackView.swift; sourceTree = "<group>"; };
		569013542A7BB32600715D23 /* GameMissionDataManager.swift */ = {isa = PBXFileReference; lastKnownFileType = sourcecode.swift; path = GameMissionDataManager.swift; sourceTree = "<group>"; };
		5690135C2A7BD75C00715D23 /* DungGeunMo.otf */ = {isa = PBXFileReference; lastKnownFileType = file; path = DungGeunMo.otf; sourceTree = "<group>"; };
		5690135E2A7E62A200715D23 /* GamePageViewController.swift */ = {isa = PBXFileReference; lastKnownFileType = sourcecode.swift; path = GamePageViewController.swift; sourceTree = "<group>"; };
		569013602A7E635200715D23 /* GameSegmentControll.swift */ = {isa = PBXFileReference; lastKnownFileType = sourcecode.swift; path = GameSegmentControll.swift; sourceTree = "<group>"; };
		569013642A7E6CFD00715D23 /* GameMissionViewController.swift */ = {isa = PBXFileReference; lastKnownFileType = sourcecode.swift; path = GameMissionViewController.swift; sourceTree = "<group>"; };
		569013662A7E6D0700715D23 /* GameClearViewController.swift */ = {isa = PBXFileReference; lastKnownFileType = sourcecode.swift; path = GameClearViewController.swift; sourceTree = "<group>"; };
		5690136A2A7E6FA400715D23 /* GameClearMissionDataManager.swift */ = {isa = PBXFileReference; lastKnownFileType = sourcecode.swift; path = GameClearMissionDataManager.swift; sourceTree = "<group>"; };
		5690136C2A7FA60800715D23 /* GameClearTableViewCell.swift */ = {isa = PBXFileReference; lastKnownFileType = sourcecode.swift; path = GameClearTableViewCell.swift; sourceTree = "<group>"; };
		5690136E2A7FCC7700715D23 /* LoginBackGroundView.swift */ = {isa = PBXFileReference; lastKnownFileType = sourcecode.swift; path = LoginBackGroundView.swift; sourceTree = "<group>"; };
		569013702A80004700715D23 /* LoginTextField.swift */ = {isa = PBXFileReference; lastKnownFileType = sourcecode.swift; path = LoginTextField.swift; sourceTree = "<group>"; };
		569013722A80167700715D23 /* SignUpBackgroundView.swift */ = {isa = PBXFileReference; lastKnownFileType = sourcecode.swift; path = SignUpBackgroundView.swift; sourceTree = "<group>"; };
		569013742A80D7FD00715D23 /* SignUpChangePageButton.swift */ = {isa = PBXFileReference; lastKnownFileType = sourcecode.swift; path = SignUpChangePageButton.swift; sourceTree = "<group>"; };
		569013782A80E26400715D23 /* SignUpDateTextField.swift */ = {isa = PBXFileReference; lastKnownFileType = sourcecode.swift; path = SignUpDateTextField.swift; sourceTree = "<group>"; };
		5690137C2A80EEA200715D23 /* HeartHubUserInfoInputTextField.swift */ = {isa = PBXFileReference; lastKnownFileType = sourcecode.swift; path = HeartHubUserInfoInputTextField.swift; sourceTree = "<group>"; };
		569E4EDA2A5C241B00B51898 /* LoginView.swift */ = {isa = PBXFileReference; lastKnownFileType = sourcecode.swift; path = LoginView.swift; sourceTree = "<group>"; };
		569E4EE32A5CE18E00B51898 /* SignUpStartDateView.swift */ = {isa = PBXFileReference; lastKnownFileType = sourcecode.swift; path = SignUpStartDateView.swift; sourceTree = "<group>"; };
		569E4EE52A5D06C400B51898 /* SignUpProfileView.swift */ = {isa = PBXFileReference; lastKnownFileType = sourcecode.swift; path = SignUpProfileView.swift; sourceTree = "<group>"; };
		569E4EEA2A5D40E800B51898 /* SignUpEnterNickNameEmailView.swift */ = {isa = PBXFileReference; lastKnownFileType = sourcecode.swift; path = SignUpEnterNickNameEmailView.swift; sourceTree = "<group>"; };
		569E4EEC2A5D499900B51898 /* SignUpTermAgreeView.swift */ = {isa = PBXFileReference; lastKnownFileType = sourcecode.swift; path = SignUpTermAgreeView.swift; sourceTree = "<group>"; };
		569E4EFC2A5FC58200B51898 /* Pretendard-Regular.otf */ = {isa = PBXFileReference; lastKnownFileType = file; path = "Pretendard-Regular.otf"; sourceTree = "<group>"; };
		569E4EFD2A5FC58200B51898 /* Pretendard-SemiBold.otf */ = {isa = PBXFileReference; lastKnownFileType = file; path = "Pretendard-SemiBold.otf"; sourceTree = "<group>"; };
		56C048762A8A02D7001BAAB5 /* DDayCalculator.swift */ = {isa = PBXFileReference; lastKnownFileType = sourcecode.swift; path = DDayCalculator.swift; sourceTree = "<group>"; };
		56C0487B2A8A2CBA001BAAB5 /* SignUpPrivacyTermScrollView.swift */ = {isa = PBXFileReference; lastKnownFileType = sourcecode.swift; name = SignUpPrivacyTermScrollView.swift; path = HeartHub/Sources/SignUpScene/View/ComponentView/SignUpPrivacyTermScrollView.swift; sourceTree = SOURCE_ROOT; };
		56C0487D2A8A309C001BAAB5 /* SignUpPrivacyTermViewController.swift */ = {isa = PBXFileReference; lastKnownFileType = sourcecode.swift; path = SignUpPrivacyTermViewController.swift; sourceTree = "<group>"; };
		56C0487F2A8A4D83001BAAB5 /* SignUpTermOfUseScrollView.swift */ = {isa = PBXFileReference; lastKnownFileType = sourcecode.swift; path = SignUpTermOfUseScrollView.swift; sourceTree = "<group>"; };
		56C048812A8A501B001BAAB5 /* SignUpTermOfUseViewController.swift */ = {isa = PBXFileReference; lastKnownFileType = sourcecode.swift; path = SignUpTermOfUseViewController.swift; sourceTree = "<group>"; };
		56C048832A8A7663001BAAB5 /* SignUpDatePicker.swift */ = {isa = PBXFileReference; lastKnownFileType = sourcecode.swift; path = SignUpDatePicker.swift; sourceTree = "<group>"; };
		56C048882A8A91BE001BAAB5 /* ConnectViewController.swift */ = {isa = PBXFileReference; lastKnownFileType = sourcecode.swift; path = ConnectViewController.swift; sourceTree = "<group>"; };
		56C0488A2A8A91DE001BAAB5 /* ConnectView.swift */ = {isa = PBXFileReference; lastKnownFileType = sourcecode.swift; path = ConnectView.swift; sourceTree = "<group>"; };
		56C0488C2A8A9C5B001BAAB5 /* ConnectCheckPopUpView.swift */ = {isa = PBXFileReference; lastKnownFileType = sourcecode.swift; path = ConnectCheckPopUpView.swift; sourceTree = "<group>"; };
		56C0488E2A8AA03A001BAAB5 /* ConnectCheckPopUpViewController.swift */ = {isa = PBXFileReference; lastKnownFileType = sourcecode.swift; path = ConnectCheckPopUpViewController.swift; sourceTree = "<group>"; };
		56C048902A8ABB99001BAAB5 /* ConnectCompletePopUpView.swift */ = {isa = PBXFileReference; lastKnownFileType = sourcecode.swift; path = ConnectCompletePopUpView.swift; sourceTree = "<group>"; };
		56C048922A8ABC88001BAAB5 /* ConnectCompletePopUpViewController.swift */ = {isa = PBXFileReference; lastKnownFileType = sourcecode.swift; path = ConnectCompletePopUpViewController.swift; sourceTree = "<group>"; };
		56D4E6162A814049005215D1 /* SignUpTermTableViewCell.swift */ = {isa = PBXFileReference; lastKnownFileType = sourcecode.swift; path = SignUpTermTableViewCell.swift; sourceTree = "<group>"; };
		56DEBED92A7A9B24000BC687 /* GameMissionTableViewCell.swift */ = {isa = PBXFileReference; lastKnownFileType = sourcecode.swift; path = GameMissionTableViewCell.swift; sourceTree = "<group>"; };
/* End PBXFileReference section */

/* Begin PBXFrameworksBuildPhase section */
		0CC33ABB2A5281C1001EF4E7 /* Frameworks */ = {
			isa = PBXFrameworksBuildPhase;
			buildActionMask = 2147483647;
			files = (
			);
			runOnlyForDeploymentPostprocessing = 0;
		};
/* End PBXFrameworksBuildPhase section */

/* Begin PBXGroup section */
		0C40FD7E2AAF34E800F207DA /* WithdrawalScene */ = {
			isa = PBXGroup;
			children = (
				0C40FD7F2AAF351B00F207DA /* WithdrawalViewController.swift */,
				0C40FD8B2AB08B5900F207DA /* WithdrawalViewModel.swift */,
				0C40FD812AAF40AE00F207DA /* WithdrawalReasonCheckBoxStackView.swift */,
			);
			path = WithdrawalScene;
			sourceTree = "<group>";
		};
		0C40FD882AB0552800F207DA /* PasswordModifyScene */ = {
			isa = PBXGroup;
			children = (
				0C40FD892AB0554000F207DA /* PasswordModifyViewController.swift */,
				0CAFFF742AB1A18A00422FC7 /* PasswordModifyViewModel.swift */,
			);
			path = PasswordModifyScene;
			sourceTree = "<group>";
		};
		0C43F6112A659CB000EED860 /* Util */ = {
			isa = PBXGroup;
			children = (
				0CA858AF2A6F981D00DFCFD5 /* Reusable.swift */,
				0C6F45522A7384B10044EAC8 /* UIWindow+.swift */,
				0C40FD842AB03DF200F207DA /* UIButton+backgroundColor.swift */,
			);
			path = Util;
			sourceTree = "<group>";
		};
		0C4EF9912A7B7D1300539320 /* HeartPickScene */ = {
			isa = PBXGroup;
			children = (
				0C4EF99D2A7BF8F600539320 /* Protocol */,
				0C4EF99A2A7BA7C000539320 /* Model */,
				0C4EF9922A7B7D4000539320 /* View */,
				0C4EF9952A7B7F4C00539320 /* Controller */,
			);
			path = HeartPickScene;
			sourceTree = "<group>";
		};
		0C4EF9922A7B7D4000539320 /* View */ = {
			isa = PBXGroup;
			children = (
			);
			path = View;
			sourceTree = "<group>";
		};
		0C4EF9952A7B7F4C00539320 /* Controller */ = {
			isa = PBXGroup;
			children = (
				0C4EF9932A7B7F3B00539320 /* CoupleSpacePickCollectionViewController.swift */,
			);
			path = Controller;
			sourceTree = "<group>";
		};
		0C4EF99A2A7BA7C000539320 /* Model */ = {
			isa = PBXGroup;
			children = (
				0C4EF99B2A7BF63100539320 /* HeartPickDataSource.swift */,
				0C4EF9A02A7BFB3700539320 /* MypickDataSource.swift */,
			);
			path = Model;
			sourceTree = "<group>";
		};
		0C4EF99D2A7BF8F600539320 /* Protocol */ = {
			isa = PBXGroup;
			children = (
				0C4EF99E2A7BF91500539320 /* CoupleSpacePickDataSourceable.swift */,
			);
			path = Protocol;
			sourceTree = "<group>";
		};
		0C4EF9A52A8223DE00539320 /* AlbumScene */ = {
			isa = PBXGroup;
			children = (
				0C4EF9A62A82338E00539320 /* View */,
				0C4EF9A92A829DF500539320 /* Controller */,
			);
			path = AlbumScene;
			sourceTree = "<group>";
		};
		0C4EF9A62A82338E00539320 /* View */ = {
			isa = PBXGroup;
			children = (
				0C4EF9A72A8233A100539320 /* CoupleSpaceAlbumCell.swift */,
			);
			path = View;
			sourceTree = "<group>";
		};
		0C4EF9A92A829DF500539320 /* Controller */ = {
			isa = PBXGroup;
			children = (
				0C4EF9AA2A829E0B00539320 /* CoupleSpaceAlbumViewController.swift */,
			);
			path = Controller;
			sourceTree = "<group>";
		};
		0C59CF4B2A84D75A00D847B7 /* Network */ = {
			isa = PBXGroup;
			children = (
				0CE2CDCC2A94F8BF00129724 /* Cancellable.swift */,
				0C59CF4C2A84D76D00D847B7 /* NetworkManager.swift */,
				0CE2CD942A9342E600129724 /* ImageProvider.swift */,
				0CF4C84F2AAC99B1004F805E /* Deserializer */,
				0CF4C84D2AAC9973004F805E /* Error */,
				0C59CF5B2A87D7E800D847B7 /* RequestBuilder */,
			);
			path = Network;
			sourceTree = "<group>";
		};
		0C59CF5B2A87D7E800D847B7 /* RequestBuilder */ = {
			isa = PBXGroup;
			children = (
				0CF4C85F2AACA267004F805E /* Implementation */,
				0CF4C85E2AACA25F004F805E /* Interface */,
			);
			path = RequestBuilder;
			sourceTree = "<group>";
		};
		0C59CF5C2A87D85A00D847B7 /* DTO */ = {
			isa = PBXGroup;
			children = (
				0CE2CD8A2A91277000129724 /* BasicResponseDTO.swift */,
				0C63FF452A8E6A700020D137 /* CheckAvailabilityResponseDTO.swift */,
				0C63FF4A2A8F31790020D137 /* UserRelated */,
				0CADFF542AADE46A00253DA1 /* MyPage */,
			);
			path = DTO;
			sourceTree = "<group>";
		};
		0C59CF672A87EA3E00D847B7 /* Infra */ = {
			isa = PBXGroup;
			children = (
				0C59CF682A87EA6B00D847B7 /* PersistentStorages */,
				0C59CF4B2A84D75A00D847B7 /* Network */,
			);
			path = Infra;
			sourceTree = "<group>";
		};
		0C59CF682A87EA6B00D847B7 /* PersistentStorages */ = {
			isa = PBXGroup;
			children = (
				0C59CF6B2A891B7100D847B7 /* Keychain */,
			);
			path = PersistentStorages;
			sourceTree = "<group>";
		};
		0C59CF6B2A891B7100D847B7 /* Keychain */ = {
			isa = PBXGroup;
			children = (
				0C59CF692A87EA9E00D847B7 /* KeychainManager.swift */,
			);
			path = Keychain;
			sourceTree = "<group>";
		};
		0C59CF6C2A89222100D847B7 /* Data */ = {
			isa = PBXGroup;
			children = (
				0CF4C8562AAC9C31004F805E /* Network */,
				0CE2CD912A933DE600129724 /* UserInformation */,
				0C63FF422A8E40620020D137 /* Token */,
			);
			path = Data;
			sourceTree = "<group>";
		};
		0C63FF1A2A8BA3C00020D137 /* Request */ = {
			isa = PBXGroup;
			children = (
				0C59CF5D2A87D86D00D847B7 /* JoinRequestDTO.swift */,
				0CAFFF722AB19C2700422FC7 /* ChangePasswordRequestDTO.swift */,
				0C59CF5F2A87DB1200D847B7 /* SignInRequestDTO.swift */,
				0C59CF612A87E1FD00D847B7 /* SetMateRequestDTO.swift */,
				0C59CF652A87E64000D847B7 /* FindPasswordRequestDTO.swift */,
			);
			path = Request;
			sourceTree = "<group>";
		};
		0C63FF1B2A8BA3D60020D137 /* Factory */ = {
			isa = PBXGroup;
			children = (
				0C59CF542A87C1AE00D847B7 /* UserRelatedRequestBuilderFactory.swift */,
				0CADFF522AADE21F00253DA1 /* MyPageRequestBuilderFactory.swift */,
			);
			path = Factory;
			sourceTree = "<group>";
		};
		0C63FF312A8DF0700020D137 /* Model */ = {
			isa = PBXGroup;
			children = (
				0C63FF322A8DF0800020D137 /* SignUpManager.swift */,
			);
			path = Model;
			sourceTree = "<group>";
		};
		0C63FF422A8E40620020D137 /* Token */ = {
			isa = PBXGroup;
			children = (
				0CF4C8712AADD2FC004F805E /* Implementation */,
				0CF4C86E2AADD2E2004F805E /* Interface */,
			);
			path = Token;
			sourceTree = "<group>";
		};
		0C63FF442A8E6A430020D137 /* Response */ = {
			isa = PBXGroup;
			children = (
				5642627E2A95C25E007FEE69 /* EmailVerificationResponseDTO.swift */,
				0CE2CD702A90817A00129724 /* FetchTokenResponseDTO.swift */,
				0CE2CDA82A93A95F00129724 /* FetchReissueTokenResponseDTO.swift */,
				0CE2CD9A2A9347EB00129724 /* GetUserInformationResponseDTO.swift */,
				0CE2CD9C2A93875100129724 /* GetMyInformationResponseDTO.swift */,
				0CF4C8602AACAF63004F805E /* GetDatingDataResponseDTO.swift */,
				0CF4C8622AACB0C1004F805E /* CheckMateExistResponseDTO.swift */,
			);
			path = Response;
			sourceTree = "<group>";
		};
		0C63FF4A2A8F31790020D137 /* UserRelated */ = {
			isa = PBXGroup;
			children = (
				0C63FF1A2A8BA3C00020D137 /* Request */,
				0C63FF442A8E6A430020D137 /* Response */,
			);
			path = UserRelated;
			sourceTree = "<group>";
		};
		0C684F3A2A77C9E000A31865 /* Controller */ = {
			isa = PBXGroup;
			children = (
				0C4EF98F2A7A430000539320 /* CoupleSpaceMainViewController.swift */,
			);
			path = Controller;
			sourceTree = "<group>";
		};
		0C684F3B2A77D0BD00A31865 /* View */ = {
			isa = PBXGroup;
			children = (
				0C684F4B2A78FA4D00A31865 /* CoupleSpaceMainHeaderView.swift */,
				0C4EF98D2A7A2BF500539320 /* CoupleSpaceMainButtonView.swift */,
			);
			path = View;
			sourceTree = "<group>";
		};
		0C684F492A78FA1A00A31865 /* MainScene */ = {
			isa = PBXGroup;
			children = (
				56C048762A8A02D7001BAAB5 /* DDayCalculator.swift */,
				0C684F3B2A77D0BD00A31865 /* View */,
				0C684F3A2A77C9E000A31865 /* Controller */,
			);
			path = MainScene;
			sourceTree = "<group>";
		};
		0C684F4A2A78FA3600A31865 /* View */ = {
			isa = PBXGroup;
			children = (
				0C684F442A77D53200A31865 /* CoupleImageBetweenHeartView.swift */,
			);
			path = View;
			sourceTree = "<group>";
		};
		0C6F45562A77AC610044EAC8 /* Sources */ = {
			isa = PBXGroup;
			children = (
				0C6F45582A77AC870044EAC8 /* Application */,
				0C59CF672A87EA3E00D847B7 /* Infra */,
				0C43F6112A659CB000EED860 /* Util */,
				0CEDD8A42AA8926F00662A03 /* Common */,
				0C59CF6C2A89222100D847B7 /* Data */,
				0CF4C8662AADADD9004F805E /* Service */,
				0C6F45592A77AE9F0044EAC8 /* CoupleSpaceScene */,
				561462142A6EE3DF00C0AC1F /* LoginScene */,
				56348A8D2A6DB4CE005BB635 /* SignUpScene */,
				0CCF04D52A9CBDEE00D66F37 /* MyPage */,
			);
			path = Sources;
			sourceTree = "<group>";
		};
		0C6F45572A77AC760044EAC8 /* Resources */ = {
			isa = PBXGroup;
			children = (
				5626B2C92A57407600477EBC /* Font */,
				0CC33ACA2A5281C3001EF4E7 /* Assets.xcassets */,
				0CC33ACC2A5281C3001EF4E7 /* LaunchScreen.storyboard */,
				0CC33ACF2A5281C3001EF4E7 /* Info.plist */,
			);
			path = Resources;
			sourceTree = "<group>";
		};
		0C6F45582A77AC870044EAC8 /* Application */ = {
			isa = PBXGroup;
			children = (
				0CC33AC32A5281C1001EF4E7 /* SceneDelegate.swift */,
				0CC33AC12A5281C1001EF4E7 /* AppDelegate.swift */,
			);
			path = Application;
			sourceTree = "<group>";
		};
		0C6F45592A77AE9F0044EAC8 /* CoupleSpaceScene */ = {
			isa = PBXGroup;
			children = (
				0CCF04D62A9CBEDE00D66F37 /* Common */,
				0C684F492A78FA1A00A31865 /* MainScene */,
				0C4EF9A52A8223DE00539320 /* AlbumScene */,
				0C4EF9912A7B7D1300539320 /* HeartPickScene */,
				5651FC762A7A7BFB00965300 /* GameScene */,
				56C048852A8A9166001BAAB5 /* ConnectScene */,
			);
			path = CoupleSpaceScene;
			sourceTree = "<group>";
		};
		0CADFF542AADE46A00253DA1 /* MyPage */ = {
			isa = PBXGroup;
			children = (
				0CADFF552AADE47700253DA1 /* Request */,
				0CADFF562AADE47C00253DA1 /* Response */,
			);
			path = MyPage;
			sourceTree = "<group>";
		};
		0CADFF552AADE47700253DA1 /* Request */ = {
			isa = PBXGroup;
			children = (
			);
			path = Request;
			sourceTree = "<group>";
		};
		0CADFF562AADE47C00253DA1 /* Response */ = {
			isa = PBXGroup;
			children = (
			);
			path = Response;
			sourceTree = "<group>";
		};
		0CAFFF762AB213B900422FC7 /* CustomPresentation */ = {
			isa = PBXGroup;
			children = (
				0CAFFF772AB2153700422FC7 /* AlertTransitionDelegate.swift */,
				0CAFFF792AB2F0A000422FC7 /* AlertPresentaionController.swift */,
			);
			path = CustomPresentation;
			sourceTree = "<group>";
		};
		0CC33AB52A5281C1001EF4E7 = {
			isa = PBXGroup;
			children = (
				0CC33AC02A5281C1001EF4E7 /* HeartHub */,
				0CC33ABF2A5281C1001EF4E7 /* Products */,
				CB34CEB8D5CDE48E63185AFF /* Pods */,
			);
			sourceTree = "<group>";
		};
		0CC33ABF2A5281C1001EF4E7 /* Products */ = {
			isa = PBXGroup;
			children = (
				0CC33ABE2A5281C1001EF4E7 /* HeartHub.app */,
			);
			name = Products;
			sourceTree = "<group>";
		};
		0CC33AC02A5281C1001EF4E7 /* HeartHub */ = {
			isa = PBXGroup;
			children = (
				0C6F45562A77AC610044EAC8 /* Sources */,
				0C6F45572A77AC760044EAC8 /* Resources */,
			);
			path = HeartHub;
			sourceTree = "<group>";
		};
		0CCF04D52A9CBDEE00D66F37 /* MyPage */ = {
			isa = PBXGroup;
			children = (
				0C40FD882AB0552800F207DA /* PasswordModifyScene */,
				0C40FD7E2AAF34E800F207DA /* WithdrawalScene */,
				0CCF04D72A9CBF0C00D66F37 /* MyPageMainScene */,
				0CF4C86B2AADB230004F805E /* ProfileModifyScene */,
			);
			path = MyPage;
			sourceTree = "<group>";
		};
		0CCF04D62A9CBEDE00D66F37 /* Common */ = {
			isa = PBXGroup;
			children = (
				0C684F4A2A78FA3600A31865 /* View */,
			);
			path = Common;
			sourceTree = "<group>";
		};
		0CCF04D72A9CBF0C00D66F37 /* MyPageMainScene */ = {
			isa = PBXGroup;
			children = (
				0CCF04D82A9CBF1E00D66F37 /* MyPageMainViewController.swift */,
				0CEDD8A12AA4B57E00662A03 /* MyPageCell.swift */,
			);
			path = MyPageMainScene;
			sourceTree = "<group>";
		};
		0CE2CD6A2A8FD03D00129724 /* Model */ = {
			isa = PBXGroup;
			children = (
			);
			path = Model;
			sourceTree = "<group>";
		};
		0CE2CD912A933DE600129724 /* UserInformation */ = {
			isa = PBXGroup;
			children = (
				0CE2CD8F2A933DE200129724 /* MyInformationRepository.swift */,
				0CE2CD982A93462100129724 /* UserInformation.swift */,
			);
			path = UserInformation;
			sourceTree = "<group>";
		};
		0CEDD8A42AA8926F00662A03 /* Common */ = {
			isa = PBXGroup;
			children = (
				5690137C2A80EEA200715D23 /* HeartHubUserInfoInputTextField.swift */,
				562ABF4F2A920703006FA182 /* AlertButton.swift */,
				0CE2CDE12A9B71B600129724 /* HeartHubSegmentedControl.swift */,
				0CE2CDDF2A9B716100129724 /* HeartHubFloatingButton.swift */,
				0C6F454E2A701D520044EAC8 /* HeartHubProfileImageView.swift */,
				0C4EF9A32A7CE2EC00539320 /* HeartHubTabBarController.swift */,
				0C684F472A78D4F300A31865 /* HeartHubPageViewController.swift */,
				0CAFFF762AB213B900422FC7 /* CustomPresentation */,
				0CEDD8A72AAAE0F600662A03 /* ImagePicker */,
			);
			path = Common;
			sourceTree = "<group>";
		};
		0CEDD8A72AAAE0F600662A03 /* ImagePicker */ = {
			isa = PBXGroup;
			children = (
				0CEDD8A52AA8928F00662A03 /* HeartHubImagePickerViewController.swift */,
				0C4EF9962A7B966F00539320 /* HeartHubImagePickerCell.swift */,
			);
			path = ImagePicker;
			sourceTree = "<group>";
		};
		0CF4C84D2AAC9973004F805E /* Error */ = {
			isa = PBXGroup;
			children = (
				0CE2CD962A9343B000129724 /* ImageProviderError.swift */,
				0C63FF342A8E0FD70020D137 /* NetworkError.swift */,
			);
			path = Error;
			sourceTree = "<group>";
		};
		0CF4C84F2AAC99B1004F805E /* Deserializer */ = {
			isa = PBXGroup;
			children = (
				0CF4C8512AAC99DE004F805E /* Implementation */,
				0CF4C8502AAC99D4004F805E /* Interface */,
			);
			path = Deserializer;
			sourceTree = "<group>";
		};
		0CF4C8502AAC99D4004F805E /* Interface */ = {
			isa = PBXGroup;
			children = (
				0CF4C8522AAC9A27004F805E /* NetworkDeserializable.swift */,
			);
			path = Interface;
			sourceTree = "<group>";
		};
		0CF4C8512AAC99DE004F805E /* Implementation */ = {
			isa = PBXGroup;
			children = (
				0CF4C8542AAC9A6B004F805E /* JSONDeserializer.swift */,
			);
			path = Implementation;
			sourceTree = "<group>";
		};
		0CF4C8562AAC9C31004F805E /* Network */ = {
			isa = PBXGroup;
			children = (
				0C63FF1B2A8BA3D60020D137 /* Factory */,
				0C59CF5C2A87D85A00D847B7 /* DTO */,
			);
			path = Network;
			sourceTree = "<group>";
		};
		0CF4C85E2AACA25F004F805E /* Interface */ = {
			isa = PBXGroup;
			children = (
				0C59CF4F2A84DB0400D847B7 /* RequestBuilderProtocol.swift */,
			);
			path = Interface;
			sourceTree = "<group>";
		};
		0CF4C85F2AACA267004F805E /* Implementation */ = {
			isa = PBXGroup;
			children = (
				0C59CF562A87C79500D847B7 /* RequestBuilder.swift */,
				0CF4C8642AADA903004F805E /* JSONBodyRequestBuilder.swift */,
				0C59CF722A8A107400D847B7 /* MultipartBodyRequestBuilder.swift */,
			);
			path = Implementation;
			sourceTree = "<group>";
		};
		0CF4C8662AADADD9004F805E /* Service */ = {
			isa = PBXGroup;
			children = (
				0CE2CD6B2A8FD04F00129724 /* LoginService.swift */,
				0CE2CDC52A94EC3C00129724 /* UserInformationService.swift */,
				0CADFF592AADEEC500253DA1 /* MyInformationService.swift */,
				0CADFF572AADE7AE00253DA1 /* NicknameService.swift */,
			);
			path = Service;
			sourceTree = "<group>";
		};
		0CF4C86B2AADB230004F805E /* ProfileModifyScene */ = {
			isa = PBXGroup;
			children = (
				0CF4C84A2AAB3F49004F805E /* ProfileModifyViewController.swift */,
				0C40FD7C2AAF341600F207DA /* ProfileModifyViewModel.swift */,
			);
			path = ProfileModifyScene;
			sourceTree = "<group>";
		};
		0CF4C86E2AADD2E2004F805E /* Interface */ = {
			isa = PBXGroup;
			children = (
			);
			path = Interface;
			sourceTree = "<group>";
		};
		0CF4C8712AADD2FC004F805E /* Implementation */ = {
			isa = PBXGroup;
			children = (
				0C59CF6D2A89223500D847B7 /* TokenRepository.swift */,
				0C59CF6F2A89236A00D847B7 /* Token.swift */,
				0CE2CDA62A93A93400129724 /* NewToken.swift */,
			);
			path = Implementation;
			sourceTree = "<group>";
		};
		561462142A6EE3DF00C0AC1F /* LoginScene */ = {
			isa = PBXGroup;
			children = (
				0CE2CD6A2A8FD03D00129724 /* Model */,
				56348A8A2A6DB17C005BB635 /* View */,
				561462152A6EE3EA00C0AC1F /* Controller */,
			);
			path = LoginScene;
			sourceTree = "<group>";
		};
		561462152A6EE3EA00C0AC1F /* Controller */ = {
			isa = PBXGroup;
			children = (
				5626B2D02A57EEB300477EBC /* LoginViewController.swift */,
				561462182A6EE50300C0AC1F /* FindIdViewController.swift */,
				56348A902A6E8286005BB635 /* FindPwViewController.swift */,
				56348A682A6319EA005BB635 /* FindIdPopUpViewController.swift */,
				56348A942A6E87BF005BB635 /* FindPwPopUpViewController.swift */,
			);
			path = Controller;
			sourceTree = "<group>";
		};
		561462162A6EE41200C0AC1F /* View */ = {
			isa = PBXGroup;
			children = (
				569013722A80167700715D23 /* SignUpBackgroundView.swift */,
				569E4EE32A5CE18E00B51898 /* SignUpStartDateView.swift */,
				569E4EE52A5D06C400B51898 /* SignUpProfileView.swift */,
				569E4EEA2A5D40E800B51898 /* SignUpEnterNickNameEmailView.swift */,
				569E4EEC2A5D499900B51898 /* SignUpTermAgreeView.swift */,
				56C0487A2A8A296A001BAAB5 /* ComponentView */,
			);
			path = View;
			sourceTree = "<group>";
		};
		561462172A6EE41800C0AC1F /* Controller */ = {
			isa = PBXGroup;
			children = (
				5626B3362A584A3D00477EBC /* SignUpStartDateViewController.swift */,
				5626B3442A597FA200477EBC /* SignUpProfileViewController.swift */,
				5626B34A2A59938700477EBC /* SignUpEnterNickNameEmailViewController.swift */,
				5626B34C2A5993A700477EBC /* SignUpTermAgreeViewController.swift */,
				56C0487D2A8A309C001BAAB5 /* SignUpPrivacyTermViewController.swift */,
				56C048812A8A501B001BAAB5 /* SignUpTermOfUseViewController.swift */,
			);
			path = Controller;
			sourceTree = "<group>";
		};
		5626B2C92A57407600477EBC /* Font */ = {
			isa = PBXGroup;
			children = (
				5690135C2A7BD75C00715D23 /* DungGeunMo.otf */,
				569E4EFC2A5FC58200B51898 /* Pretendard-Regular.otf */,
				569E4EFD2A5FC58200B51898 /* Pretendard-SemiBold.otf */,
			);
			path = Font;
			sourceTree = "<group>";
		};
		56348A8A2A6DB17C005BB635 /* View */ = {
			isa = PBXGroup;
			children = (
				5690136E2A7FCC7700715D23 /* LoginBackGroundView.swift */,
				569E4EDA2A5C241B00B51898 /* LoginView.swift */,
				56348A622A631283005BB635 /* FindIdView.swift */,
				56348A8E2A6E7ECC005BB635 /* FindPwView.swift */,
				56348A662A6318B0005BB635 /* FindIdPopUpView.swift */,
				56348A922A6E841E005BB635 /* FindPwPopUpView.swift */,
				569013702A80004700715D23 /* LoginTextField.swift */,
				565473CA2A8639D2002F526C /* LoginSelectPageButtonStackView.swift */,
			);
			path = View;
			sourceTree = "<group>";
		};
		56348A8D2A6DB4CE005BB635 /* SignUpScene */ = {
			isa = PBXGroup;
			children = (
				0C63FF312A8DF0700020D137 /* Model */,
				561462162A6EE41200C0AC1F /* View */,
				561462172A6EE41800C0AC1F /* Controller */,
			);
			path = SignUpScene;
			sourceTree = "<group>";
		};
		5651FC762A7A7BFB00965300 /* GameScene */ = {
			isa = PBXGroup;
			children = (
				569013512A7BB2E500715D23 /* Models */,
				5651FC782A7A7C4800965300 /* Views */,
				5651FC772A7A7C4100965300 /* Controllers */,
			);
			path = GameScene;
			sourceTree = "<group>";
		};
		5651FC772A7A7C4100965300 /* Controllers */ = {
			isa = PBXGroup;
			children = (
				5651FC7B2A7A7FB800965300 /* GameViewController.swift */,
				5690135E2A7E62A200715D23 /* GamePageViewController.swift */,
				569013642A7E6CFD00715D23 /* GameMissionViewController.swift */,
				569013662A7E6D0700715D23 /* GameClearViewController.swift */,
			);
			path = Controllers;
			sourceTree = "<group>";
		};
		5651FC782A7A7C4800965300 /* Views */ = {
			isa = PBXGroup;
			children = (
				5651FC792A7A7C6A00965300 /* GameBackgroundView.swift */,
				56DEBED92A7A9B24000BC687 /* GameMissionTableViewCell.swift */,
				5690136C2A7FA60800715D23 /* GameClearTableViewCell.swift */,
				569013602A7E635200715D23 /* GameSegmentControll.swift */,
			);
			path = Views;
			sourceTree = "<group>";
		};
		569013512A7BB2E500715D23 /* Models */ = {
			isa = PBXGroup;
			children = (
				569013542A7BB32600715D23 /* GameMissionDataManager.swift */,
				5690136A2A7E6FA400715D23 /* GameClearMissionDataManager.swift */,
			);
			path = Models;
			sourceTree = "<group>";
		};
		56C0487A2A8A296A001BAAB5 /* ComponentView */ = {
			isa = PBXGroup;
			children = (
				569013742A80D7FD00715D23 /* SignUpChangePageButton.swift */,
				569013782A80E26400715D23 /* SignUpDateTextField.swift */,
				56D4E6162A814049005215D1 /* SignUpTermTableViewCell.swift */,
				56C0487B2A8A2CBA001BAAB5 /* SignUpPrivacyTermScrollView.swift */,
				56C0487F2A8A4D83001BAAB5 /* SignUpTermOfUseScrollView.swift */,
				56C048832A8A7663001BAAB5 /* SignUpDatePicker.swift */,
			);
			path = ComponentView;
			sourceTree = "<group>";
		};
		56C048852A8A9166001BAAB5 /* ConnectScene */ = {
			isa = PBXGroup;
			children = (
				56C048862A8A9196001BAAB5 /* Views */,
				56C048872A8A919E001BAAB5 /* Controllers */,
			);
			path = ConnectScene;
			sourceTree = "<group>";
		};
		56C048862A8A9196001BAAB5 /* Views */ = {
			isa = PBXGroup;
			children = (
				56C0488A2A8A91DE001BAAB5 /* ConnectView.swift */,
				56C0488C2A8A9C5B001BAAB5 /* ConnectCheckPopUpView.swift */,
				56C048902A8ABB99001BAAB5 /* ConnectCompletePopUpView.swift */,
			);
			path = Views;
			sourceTree = "<group>";
		};
		56C048872A8A919E001BAAB5 /* Controllers */ = {
			isa = PBXGroup;
			children = (
				56C048882A8A91BE001BAAB5 /* ConnectViewController.swift */,
				56C0488E2A8AA03A001BAAB5 /* ConnectCheckPopUpViewController.swift */,
				56C048922A8ABC88001BAAB5 /* ConnectCompletePopUpViewController.swift */,
			);
			path = Controllers;
			sourceTree = "<group>";
		};
		CB34CEB8D5CDE48E63185AFF /* Pods */ = {
			isa = PBXGroup;
			children = (
			);
			path = Pods;
			sourceTree = "<group>";
		};
/* End PBXGroup section */

/* Begin PBXNativeTarget section */
		0CC33ABD2A5281C1001EF4E7 /* HeartHub */ = {
			isa = PBXNativeTarget;
			buildConfigurationList = 0CC33AD22A5281C3001EF4E7 /* Build configuration list for PBXNativeTarget "HeartHub" */;
			buildPhases = (
				0CC33ABA2A5281C1001EF4E7 /* Sources */,
				0CC33ABB2A5281C1001EF4E7 /* Frameworks */,
				0CC33ABC2A5281C1001EF4E7 /* Resources */,
			);
			buildRules = (
			);
			dependencies = (
			);
			name = HeartHub;
			productName = HeartHub;
			productReference = 0CC33ABE2A5281C1001EF4E7 /* HeartHub.app */;
			productType = "com.apple.product-type.application";
		};
/* End PBXNativeTarget section */

/* Begin PBXProject section */
		0CC33AB62A5281C1001EF4E7 /* Project object */ = {
			isa = PBXProject;
			attributes = {
				BuildIndependentTargetsInParallel = 1;
				LastSwiftUpdateCheck = 1420;
				LastUpgradeCheck = 1430;
				TargetAttributes = {
					0CC33ABD2A5281C1001EF4E7 = {
						CreatedOnToolsVersion = 14.2;
					};
				};
			};
			buildConfigurationList = 0CC33AB92A5281C1001EF4E7 /* Build configuration list for PBXProject "HeartHub" */;
			compatibilityVersion = "Xcode 14.0";
			developmentRegion = en;
			hasScannedForEncodings = 0;
			knownRegions = (
				en,
				Base,
			);
			mainGroup = 0CC33AB52A5281C1001EF4E7;
			productRefGroup = 0CC33ABF2A5281C1001EF4E7 /* Products */;
			projectDirPath = "";
			projectRoot = "";
			targets = (
				0CC33ABD2A5281C1001EF4E7 /* HeartHub */,
			);
		};
/* End PBXProject section */

/* Begin PBXResourcesBuildPhase section */
		0CC33ABC2A5281C1001EF4E7 /* Resources */ = {
			isa = PBXResourcesBuildPhase;
			buildActionMask = 2147483647;
			files = (
				5690135D2A7BD75C00715D23 /* DungGeunMo.otf in Resources */,
				0CC33ACE2A5281C3001EF4E7 /* LaunchScreen.storyboard in Resources */,
				569E4EFE2A5FC58200B51898 /* Pretendard-Regular.otf in Resources */,
				0CC33ACB2A5281C3001EF4E7 /* Assets.xcassets in Resources */,
				569E4EFF2A5FC58200B51898 /* Pretendard-SemiBold.otf in Resources */,
			);
			runOnlyForDeploymentPostprocessing = 0;
		};
/* End PBXResourcesBuildPhase section */

/* Begin PBXSourcesBuildPhase section */
		0CC33ABA2A5281C1001EF4E7 /* Sources */ = {
			isa = PBXSourcesBuildPhase;
			buildActionMask = 2147483647;
			files = (
				0C59CF6A2A87EA9E00D847B7 /* KeychainManager.swift in Sources */,
				0CE2CD712A90817A00129724 /* FetchTokenResponseDTO.swift in Sources */,
				5690136F2A7FCC7700715D23 /* LoginBackGroundView.swift in Sources */,
				0C63FF462A8E6A700020D137 /* CheckAvailabilityResponseDTO.swift in Sources */,
				5626B2D12A57EEB300477EBC /* LoginViewController.swift in Sources */,
				56DEBEDA2A7A9B24000BC687 /* GameMissionTableViewCell.swift in Sources */,
				56348A952A6E87BF005BB635 /* FindPwPopUpViewController.swift in Sources */,
				561462192A6EE50300C0AC1F /* FindIdViewController.swift in Sources */,
				0CE2CDCD2A94F8BF00129724 /* Cancellable.swift in Sources */,
				569013712A80004700715D23 /* LoginTextField.swift in Sources */,
				5651FC7C2A7A7FB800965300 /* GameViewController.swift in Sources */,
				0C4EF9A12A7BFB3700539320 /* MypickDataSource.swift in Sources */,
				0CE2CDC62A94EC3C00129724 /* UserInformationService.swift in Sources */,
				0C59CF6E2A89223500D847B7 /* TokenRepository.swift in Sources */,
				0C59CF572A87C79500D847B7 /* RequestBuilder.swift in Sources */,
				0C4EF9942A7B7F3B00539320 /* CoupleSpacePickCollectionViewController.swift in Sources */,
				56C0487C2A8A2CBA001BAAB5 /* SignUpPrivacyTermScrollView.swift in Sources */,
				56C048892A8A91BE001BAAB5 /* ConnectViewController.swift in Sources */,
				56C048842A8A7663001BAAB5 /* SignUpDatePicker.swift in Sources */,
				569013792A80E26500715D23 /* SignUpDateTextField.swift in Sources */,
				0CF4C8552AAC9A6B004F805E /* JSONDeserializer.swift in Sources */,
				0C684F4C2A78FA4D00A31865 /* CoupleSpaceMainHeaderView.swift in Sources */,
				0C4EF9A42A7CE2EC00539320 /* HeartHubTabBarController.swift in Sources */,
				0C4EF9A82A8233A100539320 /* CoupleSpaceAlbumCell.swift in Sources */,
				5651FC7A2A7A7C6A00965300 /* GameBackgroundView.swift in Sources */,
				0C59CF4D2A84D76D00D847B7 /* NetworkManager.swift in Sources */,
				5690136D2A7FA60800715D23 /* GameClearTableViewCell.swift in Sources */,
				0C63FF332A8DF0800020D137 /* SignUpManager.swift in Sources */,
				56D4E6172A814049005215D1 /* SignUpTermTableViewCell.swift in Sources */,
				569013752A80D7FD00715D23 /* SignUpChangePageButton.swift in Sources */,
				0CE2CDE22A9B71B600129724 /* HeartHubSegmentedControl.swift in Sources */,
				0C40FD852AB03DF200F207DA /* UIButton+backgroundColor.swift in Sources */,
				56C048932A8ABC88001BAAB5 /* ConnectCompletePopUpViewController.swift in Sources */,
				0CF4C8612AACAF63004F805E /* GetDatingDataResponseDTO.swift in Sources */,
				56C0487E2A8A309C001BAAB5 /* SignUpPrivacyTermViewController.swift in Sources */,
				0CADFF5A2AADEEC500253DA1 /* MyInformationService.swift in Sources */,
				56C0488B2A8A91DE001BAAB5 /* ConnectView.swift in Sources */,
				0CE2CD902A933DE200129724 /* MyInformationRepository.swift in Sources */,
				0C4EF9902A7A430100539320 /* CoupleSpaceMainViewController.swift in Sources */,
				5642627F2A95C25E007FEE69 /* EmailVerificationResponseDTO.swift in Sources */,
				0C59CF662A87E64000D847B7 /* FindPasswordRequestDTO.swift in Sources */,
				0C59CF622A87E1FD00D847B7 /* SetMateRequestDTO.swift in Sources */,
				0C59CF552A87C1AE00D847B7 /* UserRelatedRequestBuilderFactory.swift in Sources */,
				0CE2CD952A9342E600129724 /* ImageProvider.swift in Sources */,
				5690135F2A7E62A200715D23 /* GamePageViewController.swift in Sources */,
				56C048822A8A501B001BAAB5 /* SignUpTermOfUseViewController.swift in Sources */,
				56C0488D2A8A9C5B001BAAB5 /* ConnectCheckPopUpView.swift in Sources */,
				0CAFFF752AB1A18A00422FC7 /* PasswordModifyViewModel.swift in Sources */,
				0C6F454F2A701D520044EAC8 /* HeartHubProfileImageView.swift in Sources */,
				0CC33AC22A5281C1001EF4E7 /* AppDelegate.swift in Sources */,
				569013732A80167700715D23 /* SignUpBackgroundView.swift in Sources */,
				0CE2CDE02A9B716200129724 /* HeartHubFloatingButton.swift in Sources */,
				0CF4C8652AADA903004F805E /* JSONBodyRequestBuilder.swift in Sources */,
				5690137D2A80EEA200715D23 /* HeartHubUserInfoInputTextField.swift in Sources */,
				0CAFFF7A2AB2F0A000422FC7 /* AlertPresentaionController.swift in Sources */,
				0CEDD8A22AA4B57E00662A03 /* MyPageCell.swift in Sources */,
				0CAFFF782AB2153700422FC7 /* AlertTransitionDelegate.swift in Sources */,
				56348A932A6E841E005BB635 /* FindPwPopUpView.swift in Sources */,
				569E4EED2A5D499900B51898 /* SignUpTermAgreeView.swift in Sources */,
				569013672A7E6D0700715D23 /* GameClearViewController.swift in Sources */,
				0CC33AC42A5281C1001EF4E7 /* SceneDelegate.swift in Sources */,
				0C4EF99F2A7BF91500539320 /* CoupleSpacePickDataSourceable.swift in Sources */,
				569E4EEB2A5D40E800B51898 /* SignUpEnterNickNameEmailView.swift in Sources */,
				56348A632A631283005BB635 /* FindIdView.swift in Sources */,
				5626B3372A584A3D00477EBC /* SignUpStartDateViewController.swift in Sources */,
				569E4EE42A5CE18E00B51898 /* SignUpStartDateView.swift in Sources */,
				0CADFF582AADE7AE00253DA1 /* NicknameService.swift in Sources */,
				0C40FD802AAF351B00F207DA /* WithdrawalViewController.swift in Sources */,
				0CF4C84B2AAB3F49004F805E /* ProfileModifyViewController.swift in Sources */,
				56C048912A8ABB99001BAAB5 /* ConnectCompletePopUpView.swift in Sources */,
				0CCF04D92A9CBF1E00D66F37 /* MyPageMainViewController.swift in Sources */,
				56348A8F2A6E7ECC005BB635 /* FindPwView.swift in Sources */,
				0CE2CD9B2A9347EB00129724 /* GetUserInformationResponseDTO.swift in Sources */,
				562ABF502A920703006FA182 /* AlertButton.swift in Sources */,
				5626B3452A597FA200477EBC /* SignUpProfileViewController.swift in Sources */,
				56348A912A6E8286005BB635 /* FindPwViewController.swift in Sources */,
				0CF4C8532AAC9A27004F805E /* NetworkDeserializable.swift in Sources */,
				0CF4C8632AACB0C1004F805E /* CheckMateExistResponseDTO.swift in Sources */,
				569013612A7E635200715D23 /* GameSegmentControll.swift in Sources */,
				0C59CF602A87DB1200D847B7 /* SignInRequestDTO.swift in Sources */,
				0C40FD8A2AB0554000F207DA /* PasswordModifyViewController.swift in Sources */,
				0CEDD8A62AA8928F00662A03 /* HeartHubImagePickerViewController.swift in Sources */,
				56348A672A6318B0005BB635 /* FindIdPopUpView.swift in Sources */,
				0CE2CDA92A93A95F00129724 /* FetchReissueTokenResponseDTO.swift in Sources */,
				0C40FD7D2AAF341600F207DA /* ProfileModifyViewModel.swift in Sources */,
				0C63FF352A8E0FD70020D137 /* NetworkError.swift in Sources */,
				56C048772A8A02D7001BAAB5 /* DDayCalculator.swift in Sources */,
				0CADFF532AADE21F00253DA1 /* MyPageRequestBuilderFactory.swift in Sources */,
				5626B34D2A5993A700477EBC /* SignUpTermAgreeViewController.swift in Sources */,
				5626B34B2A59938700477EBC /* SignUpEnterNickNameEmailViewController.swift in Sources */,
				0C59CF732A8A107400D847B7 /* MultipartBodyRequestBuilder.swift in Sources */,
				0CE2CDA72A93A93400129724 /* NewToken.swift in Sources */,
				0CE2CD992A93462100129724 /* UserInformation.swift in Sources */,
				569E4EDB2A5C241B00B51898 /* LoginView.swift in Sources */,
				56348A692A6319EA005BB635 /* FindIdPopUpViewController.swift in Sources */,
				0C4EF9972A7B966F00539320 /* HeartHubImagePickerCell.swift in Sources */,
				565473CB2A8639D2002F526C /* LoginSelectPageButtonStackView.swift in Sources */,
				569E4EE62A5D06C400B51898 /* SignUpProfileView.swift in Sources */,
				0C4EF99C2A7BF63100539320 /* HeartPickDataSource.swift in Sources */,
				0C684F452A77D53200A31865 /* CoupleImageBetweenHeartView.swift in Sources */,
				0CE2CD8B2A91277000129724 /* BasicResponseDTO.swift in Sources */,
				0C684F482A78D4F300A31865 /* HeartHubPageViewController.swift in Sources */,
				569013652A7E6CFD00715D23 /* GameMissionViewController.swift in Sources */,
				0C59CF502A84DB0400D847B7 /* RequestBuilderProtocol.swift in Sources */,
				5690136B2A7E6FA400715D23 /* GameClearMissionDataManager.swift in Sources */,
				0C59CF5E2A87D86D00D847B7 /* JoinRequestDTO.swift in Sources */,
				0C40FD8C2AB08B5900F207DA /* WithdrawalViewModel.swift in Sources */,
				0C4EF98E2A7A2BF500539320 /* CoupleSpaceMainButtonView.swift in Sources */,
				0CE2CD6C2A8FD04F00129724 /* LoginService.swift in Sources */,
				0C40FD822AAF40AE00F207DA /* WithdrawalReasonCheckBoxStackView.swift in Sources */,
				56C048802A8A4D83001BAAB5 /* SignUpTermOfUseScrollView.swift in Sources */,
				56C0488F2A8AA03A001BAAB5 /* ConnectCheckPopUpViewController.swift in Sources */,
				0CE2CD972A9343B000129724 /* ImageProviderError.swift in Sources */,
				0CAFFF732AB19C2700422FC7 /* ChangePasswordRequestDTO.swift in Sources */,
				569013552A7BB32600715D23 /* GameMissionDataManager.swift in Sources */,
				0C6F45532A7384B10044EAC8 /* UIWindow+.swift in Sources */,
				0CA858B02A6F981D00DFCFD5 /* Reusable.swift in Sources */,
				0C59CF702A89236A00D847B7 /* Token.swift in Sources */,
				0CE2CD9D2A93875100129724 /* GetMyInformationResponseDTO.swift in Sources */,
				0C4EF9AB2A829E0B00539320 /* CoupleSpaceAlbumViewController.swift in Sources */,
			);
			runOnlyForDeploymentPostprocessing = 0;
		};
/* End PBXSourcesBuildPhase section */

/* Begin PBXVariantGroup section */
		0CC33ACC2A5281C3001EF4E7 /* LaunchScreen.storyboard */ = {
			isa = PBXVariantGroup;
			children = (
				0CC33ACD2A5281C3001EF4E7 /* Base */,
			);
			name = LaunchScreen.storyboard;
			sourceTree = "<group>";
		};
/* End PBXVariantGroup section */

/* Begin XCBuildConfiguration section */
		0CC33AD02A5281C3001EF4E7 /* Debug */ = {
			isa = XCBuildConfiguration;
			buildSettings = {
				ALWAYS_SEARCH_USER_PATHS = NO;
				CLANG_ANALYZER_NONNULL = YES;
				CLANG_ANALYZER_NUMBER_OBJECT_CONVERSION = YES_AGGRESSIVE;
				CLANG_CXX_LANGUAGE_STANDARD = "gnu++20";
				CLANG_ENABLE_MODULES = YES;
				CLANG_ENABLE_OBJC_ARC = YES;
				CLANG_ENABLE_OBJC_WEAK = YES;
				CLANG_WARN_BLOCK_CAPTURE_AUTORELEASING = YES;
				CLANG_WARN_BOOL_CONVERSION = YES;
				CLANG_WARN_COMMA = YES;
				CLANG_WARN_CONSTANT_CONVERSION = YES;
				CLANG_WARN_DEPRECATED_OBJC_IMPLEMENTATIONS = YES;
				CLANG_WARN_DIRECT_OBJC_ISA_USAGE = YES_ERROR;
				CLANG_WARN_DOCUMENTATION_COMMENTS = YES;
				CLANG_WARN_EMPTY_BODY = YES;
				CLANG_WARN_ENUM_CONVERSION = YES;
				CLANG_WARN_INFINITE_RECURSION = YES;
				CLANG_WARN_INT_CONVERSION = YES;
				CLANG_WARN_NON_LITERAL_NULL_CONVERSION = YES;
				CLANG_WARN_OBJC_IMPLICIT_RETAIN_SELF = YES;
				CLANG_WARN_OBJC_LITERAL_CONVERSION = YES;
				CLANG_WARN_OBJC_ROOT_CLASS = YES_ERROR;
				CLANG_WARN_QUOTED_INCLUDE_IN_FRAMEWORK_HEADER = YES;
				CLANG_WARN_RANGE_LOOP_ANALYSIS = YES;
				CLANG_WARN_STRICT_PROTOTYPES = YES;
				CLANG_WARN_SUSPICIOUS_MOVE = YES;
				CLANG_WARN_UNGUARDED_AVAILABILITY = YES_AGGRESSIVE;
				CLANG_WARN_UNREACHABLE_CODE = YES;
				CLANG_WARN__DUPLICATE_METHOD_MATCH = YES;
				COPY_PHASE_STRIP = NO;
				DEBUG_INFORMATION_FORMAT = dwarf;
				ENABLE_STRICT_OBJC_MSGSEND = YES;
				ENABLE_TESTABILITY = YES;
				GCC_C_LANGUAGE_STANDARD = gnu11;
				GCC_DYNAMIC_NO_PIC = NO;
				GCC_NO_COMMON_BLOCKS = YES;
				GCC_OPTIMIZATION_LEVEL = 0;
				GCC_PREPROCESSOR_DEFINITIONS = (
					"DEBUG=1",
					"$(inherited)",
				);
				GCC_WARN_64_TO_32_BIT_CONVERSION = YES;
				GCC_WARN_ABOUT_RETURN_TYPE = YES_ERROR;
				GCC_WARN_UNDECLARED_SELECTOR = YES;
				GCC_WARN_UNINITIALIZED_AUTOS = YES_AGGRESSIVE;
				GCC_WARN_UNUSED_FUNCTION = YES;
				GCC_WARN_UNUSED_VARIABLE = YES;
				IPHONEOS_DEPLOYMENT_TARGET = 14.0;
				MTL_ENABLE_DEBUG_INFO = INCLUDE_SOURCE;
				MTL_FAST_MATH = YES;
				ONLY_ACTIVE_ARCH = YES;
				SDKROOT = iphoneos;
				SWIFT_ACTIVE_COMPILATION_CONDITIONS = DEBUG;
				SWIFT_OPTIMIZATION_LEVEL = "-Onone";
			};
			name = Debug;
		};
		0CC33AD12A5281C3001EF4E7 /* Release */ = {
			isa = XCBuildConfiguration;
			buildSettings = {
				ALWAYS_SEARCH_USER_PATHS = NO;
				CLANG_ANALYZER_NONNULL = YES;
				CLANG_ANALYZER_NUMBER_OBJECT_CONVERSION = YES_AGGRESSIVE;
				CLANG_CXX_LANGUAGE_STANDARD = "gnu++20";
				CLANG_ENABLE_MODULES = YES;
				CLANG_ENABLE_OBJC_ARC = YES;
				CLANG_ENABLE_OBJC_WEAK = YES;
				CLANG_WARN_BLOCK_CAPTURE_AUTORELEASING = YES;
				CLANG_WARN_BOOL_CONVERSION = YES;
				CLANG_WARN_COMMA = YES;
				CLANG_WARN_CONSTANT_CONVERSION = YES;
				CLANG_WARN_DEPRECATED_OBJC_IMPLEMENTATIONS = YES;
				CLANG_WARN_DIRECT_OBJC_ISA_USAGE = YES_ERROR;
				CLANG_WARN_DOCUMENTATION_COMMENTS = YES;
				CLANG_WARN_EMPTY_BODY = YES;
				CLANG_WARN_ENUM_CONVERSION = YES;
				CLANG_WARN_INFINITE_RECURSION = YES;
				CLANG_WARN_INT_CONVERSION = YES;
				CLANG_WARN_NON_LITERAL_NULL_CONVERSION = YES;
				CLANG_WARN_OBJC_IMPLICIT_RETAIN_SELF = YES;
				CLANG_WARN_OBJC_LITERAL_CONVERSION = YES;
				CLANG_WARN_OBJC_ROOT_CLASS = YES_ERROR;
				CLANG_WARN_QUOTED_INCLUDE_IN_FRAMEWORK_HEADER = YES;
				CLANG_WARN_RANGE_LOOP_ANALYSIS = YES;
				CLANG_WARN_STRICT_PROTOTYPES = YES;
				CLANG_WARN_SUSPICIOUS_MOVE = YES;
				CLANG_WARN_UNGUARDED_AVAILABILITY = YES_AGGRESSIVE;
				CLANG_WARN_UNREACHABLE_CODE = YES;
				CLANG_WARN__DUPLICATE_METHOD_MATCH = YES;
				COPY_PHASE_STRIP = NO;
				DEBUG_INFORMATION_FORMAT = "dwarf-with-dsym";
				ENABLE_NS_ASSERTIONS = NO;
				ENABLE_STRICT_OBJC_MSGSEND = YES;
				GCC_C_LANGUAGE_STANDARD = gnu11;
				GCC_NO_COMMON_BLOCKS = YES;
				GCC_WARN_64_TO_32_BIT_CONVERSION = YES;
				GCC_WARN_ABOUT_RETURN_TYPE = YES_ERROR;
				GCC_WARN_UNDECLARED_SELECTOR = YES;
				GCC_WARN_UNINITIALIZED_AUTOS = YES_AGGRESSIVE;
				GCC_WARN_UNUSED_FUNCTION = YES;
				GCC_WARN_UNUSED_VARIABLE = YES;
				IPHONEOS_DEPLOYMENT_TARGET = 14.0;
				MTL_ENABLE_DEBUG_INFO = NO;
				MTL_FAST_MATH = YES;
				SDKROOT = iphoneos;
				SWIFT_COMPILATION_MODE = wholemodule;
				SWIFT_OPTIMIZATION_LEVEL = "-O";
				VALIDATE_PRODUCT = YES;
			};
			name = Release;
		};
		0CC33AD32A5281C3001EF4E7 /* Debug */ = {
			isa = XCBuildConfiguration;
			buildSettings = {
				ASSETCATALOG_COMPILER_APPICON_NAME = AppIcon;
				ASSETCATALOG_COMPILER_GLOBAL_ACCENT_COLOR_NAME = AccentColor;
				CODE_SIGN_STYLE = Automatic;
				CURRENT_PROJECT_VERSION = 1;
				DEVELOPMENT_TEAM = 4QG3GC35LA;
				GENERATE_INFOPLIST_FILE = YES;
				INFOPLIST_FILE = HeartHub/Resources/Info.plist;
				INFOPLIST_KEY_NSPhotoLibraryUsageDescription = "HeartHub가 사용자의 사진에 접근하려 합니다.";
				INFOPLIST_KEY_UIApplicationSupportsIndirectInputEvents = YES;
				INFOPLIST_KEY_UILaunchStoryboardName = LaunchScreen;
				INFOPLIST_KEY_UISupportedInterfaceOrientations_iPad = "UIInterfaceOrientationPortrait UIInterfaceOrientationPortraitUpsideDown UIInterfaceOrientationLandscapeLeft UIInterfaceOrientationLandscapeRight";
				INFOPLIST_KEY_UISupportedInterfaceOrientations_iPhone = "UIInterfaceOrientationPortrait UIInterfaceOrientationLandscapeLeft UIInterfaceOrientationLandscapeRight";
				IPHONEOS_DEPLOYMENT_TARGET = 14.0;
				LD_RUNPATH_SEARCH_PATHS = (
					"$(inherited)",
					"@executable_path/Frameworks",
				);
				MARKETING_VERSION = 1.0;
				PRODUCT_BUNDLE_IDENTIFIER = com.xoxoxo.HeartHub111;
				PRODUCT_NAME = "$(TARGET_NAME)";
				SWIFT_EMIT_LOC_STRINGS = YES;
				SWIFT_VERSION = 5.0;
				TARGETED_DEVICE_FAMILY = "1,2";
			};
			name = Debug;
		};
		0CC33AD42A5281C3001EF4E7 /* Release */ = {
			isa = XCBuildConfiguration;
			buildSettings = {
				ASSETCATALOG_COMPILER_APPICON_NAME = AppIcon;
				ASSETCATALOG_COMPILER_GLOBAL_ACCENT_COLOR_NAME = AccentColor;
				CODE_SIGN_STYLE = Automatic;
				CURRENT_PROJECT_VERSION = 1;
				DEVELOPMENT_TEAM = KHQ37J8NU9;
				GENERATE_INFOPLIST_FILE = YES;
				INFOPLIST_FILE = HeartHub/Resources/Info.plist;
				INFOPLIST_KEY_NSPhotoLibraryUsageDescription = "HeartHub가 사용자의 사진에 접근하려 합니다.";
				INFOPLIST_KEY_UIApplicationSupportsIndirectInputEvents = YES;
				INFOPLIST_KEY_UILaunchStoryboardName = LaunchScreen;
				INFOPLIST_KEY_UISupportedInterfaceOrientations_iPad = "UIInterfaceOrientationPortrait UIInterfaceOrientationPortraitUpsideDown UIInterfaceOrientationLandscapeLeft UIInterfaceOrientationLandscapeRight";
				INFOPLIST_KEY_UISupportedInterfaceOrientations_iPhone = "UIInterfaceOrientationPortrait UIInterfaceOrientationLandscapeLeft UIInterfaceOrientationLandscapeRight";
				IPHONEOS_DEPLOYMENT_TARGET = 14.0;
				LD_RUNPATH_SEARCH_PATHS = (
					"$(inherited)",
					"@executable_path/Frameworks",
				);
				MARKETING_VERSION = 1.0;
				PRODUCT_BUNDLE_IDENTIFIER = com.xoxoxo.HeartHub111;
				PRODUCT_NAME = "$(TARGET_NAME)";
				SWIFT_EMIT_LOC_STRINGS = YES;
				SWIFT_VERSION = 5.0;
				TARGETED_DEVICE_FAMILY = "1,2";
			};
			name = Release;
		};
/* End XCBuildConfiguration section */

/* Begin XCConfigurationList section */
		0CC33AB92A5281C1001EF4E7 /* Build configuration list for PBXProject "HeartHub" */ = {
			isa = XCConfigurationList;
			buildConfigurations = (
				0CC33AD02A5281C3001EF4E7 /* Debug */,
				0CC33AD12A5281C3001EF4E7 /* Release */,
			);
			defaultConfigurationIsVisible = 0;
			defaultConfigurationName = Release;
		};
		0CC33AD22A5281C3001EF4E7 /* Build configuration list for PBXNativeTarget "HeartHub" */ = {
			isa = XCConfigurationList;
			buildConfigurations = (
				0CC33AD32A5281C3001EF4E7 /* Debug */,
				0CC33AD42A5281C3001EF4E7 /* Release */,
			);
			defaultConfigurationIsVisible = 0;
			defaultConfigurationName = Release;
		};
/* End XCConfigurationList section */
	};
	rootObject = 0CC33AB62A5281C1001EF4E7 /* Project object */;
}
